// !$*UTF8*$!
{
	archiveVersion = 1;
	classes = {
	};
	objectVersion = 46;
	objects = {

/* Begin PBXBuildFile section */
		920B98071D473ABD0083A4DE /* AppDelegate.swift in Sources */ = {isa = PBXBuildFile; fileRef = 920B98061D473ABD0083A4DE /* AppDelegate.swift */; };
		920B98091D473ABD0083A4DE /* ViewController.swift in Sources */ = {isa = PBXBuildFile; fileRef = 920B98081D473ABD0083A4DE /* ViewController.swift */; };
		920B980C1D473ABD0083A4DE /* Main.storyboard in Resources */ = {isa = PBXBuildFile; fileRef = 920B980A1D473ABD0083A4DE /* Main.storyboard */; };
		920B980E1D473ABD0083A4DE /* Assets.xcassets in Resources */ = {isa = PBXBuildFile; fileRef = 920B980D1D473ABD0083A4DE /* Assets.xcassets */; };
		920B98111D473ABD0083A4DE /* LaunchScreen.storyboard in Resources */ = {isa = PBXBuildFile; fileRef = 920B980F1D473ABD0083A4DE /* LaunchScreen.storyboard */; };
		920B98191D47406F0083A4DE /* Person.swift in Sources */ = {isa = PBXBuildFile; fileRef = 920B98181D47406D0083A4DE /* Person.swift */; };
		920B981B1D4743C70083A4DE /* UITextField+Extension.swift in Sources */ = {isa = PBXBuildFile; fileRef = 920B981A1D4743C70083A4DE /* UITextField+Extension.swift */; };
/* End PBXBuildFile section */

/* Begin PBXFileReference section */
		920B98031D473ABD0083A4DE /* privatebook.app */ = {isa = PBXFileReference; explicitFileType = wrapper.application; includeInIndex = 0; path = privatebook.app; sourceTree = BUILT_PRODUCTS_DIR; };
		920B98061D473ABD0083A4DE /* AppDelegate.swift */ = {isa = PBXFileReference; lastKnownFileType = sourcecode.swift; path = AppDelegate.swift; sourceTree = "<group>"; };
		920B98081D473ABD0083A4DE /* ViewController.swift */ = {isa = PBXFileReference; lastKnownFileType = sourcecode.swift; path = ViewController.swift; sourceTree = "<group>"; };
		920B980B1D473ABD0083A4DE /* Base */ = {isa = PBXFileReference; lastKnownFileType = file.storyboard; name = Base; path = Base.lproj/Main.storyboard; sourceTree = "<group>"; };
		920B980D1D473ABD0083A4DE /* Assets.xcassets */ = {isa = PBXFileReference; lastKnownFileType = folder.assetcatalog; path = Assets.xcassets; sourceTree = "<group>"; };
		920B98101D473ABD0083A4DE /* Base */ = {isa = PBXFileReference; lastKnownFileType = file.storyboard; name = Base; path = Base.lproj/LaunchScreen.storyboard; sourceTree = "<group>"; };
		920B98121D473ABD0083A4DE /* Info.plist */ = {isa = PBXFileReference; lastKnownFileType = text.plist.xml; path = Info.plist; sourceTree = "<group>"; };
		920B98181D47406D0083A4DE /* Person.swift */ = {isa = PBXFileReference; fileEncoding = 4; lastKnownFileType = sourcecode.swift; path = Person.swift; sourceTree = "<group>"; };
		920B981A1D4743C70083A4DE /* UITextField+Extension.swift */ = {isa = PBXFileReference; fileEncoding = 4; lastKnownFileType = sourcecode.swift; path = "UITextField+Extension.swift"; sourceTree = "<group>"; };
/* End PBXFileReference section */

/* Begin PBXFrameworksBuildPhase section */
		920B98001D473ABD0083A4DE /* Frameworks */ = {
			isa = PBXFrameworksBuildPhase;
			buildActionMask = 2147483647;
			files = (
			);
			runOnlyForDeploymentPostprocessing = 0;
		};
/* End PBXFrameworksBuildPhase section */

/* Begin PBXGroup section */
		920B97FA1D473ABC0083A4DE = {
			isa = PBXGroup;
			children = (
				920B98051D473ABD0083A4DE /* privatebook */,
				920B98041D473ABD0083A4DE /* Products */,
			);
			sourceTree = "<group>";
		};
		920B98041D473ABD0083A4DE /* Products */ = {
			isa = PBXGroup;
			children = (
				920B98031D473ABD0083A4DE /* privatebook.app */,
			);
			name = Products;
			sourceTree = "<group>";
		};
		920B98051D473ABD0083A4DE /* privatebook */ = {
			isa = PBXGroup;
			children = (
				920B98061D473ABD0083A4DE /* AppDelegate.swift */,
				920B98081D473ABD0083A4DE /* ViewController.swift */,
				920B981A1D4743C70083A4DE /* UITextField+Extension.swift */,
				920B98181D47406D0083A4DE /* Person.swift */,
				920B980A1D473ABD0083A4DE /* Main.storyboard */,
				920B980D1D473ABD0083A4DE /* Assets.xcassets */,
				920B980F1D473ABD0083A4DE /* LaunchScreen.storyboard */,
				920B98121D473ABD0083A4DE /* Info.plist */,
			);
			path = privatebook;
			sourceTree = "<group>";
		};
/* End PBXGroup section */

/* Begin PBXNativeTarget section */
		920B98021D473ABD0083A4DE /* privatebook */ = {
			isa = PBXNativeTarget;
			buildConfigurationList = 920B98151D473ABD0083A4DE /* Build configuration list for PBXNativeTarget "privatebook" */;
			buildPhases = (
				920B97FF1D473ABD0083A4DE /* Sources */,
				920B98001D473ABD0083A4DE /* Frameworks */,
				920B98011D473ABD0083A4DE /* Resources */,
			);
			buildRules = (
			);
			dependencies = (
			);
			name = privatebook;
			productName = privatebook;
			productReference = 920B98031D473ABD0083A4DE /* privatebook.app */;
			productType = "com.apple.product-type.application";
		};
/* End PBXNativeTarget section */

/* Begin PBXProject section */
		920B97FB1D473ABD0083A4DE /* Project object */ = {
			isa = PBXProject;
			attributes = {
				LastSwiftUpdateCheck = 0800;
				LastUpgradeCheck = 0800;
				ORGANIZATIONNAME = tm;
				TargetAttributes = {
					920B98021D473ABD0083A4DE = {
						CreatedOnToolsVersion = 8.0;
						DevelopmentTeam = 898WYQ9K4N;
						DevelopmentTeamName = "xiaochen yang (Personal Team)";
						ProvisioningStyle = Automatic;
					};
				};
			};
			buildConfigurationList = 920B97FE1D473ABD0083A4DE /* Build configuration list for PBXProject "privatebook" */;
			compatibilityVersion = "Xcode 3.2";
			developmentRegion = English;
			hasScannedForEncodings = 0;
			knownRegions = (
				en,
				Base,
			);
			mainGroup = 920B97FA1D473ABC0083A4DE;
			productRefGroup = 920B98041D473ABD0083A4DE /* Products */;
			projectDirPath = "";
			projectRoot = "";
			targets = (
				920B98021D473ABD0083A4DE /* privatebook */,
			);
		};
/* End PBXProject section */

/* Begin PBXResourcesBuildPhase section */
		920B98011D473ABD0083A4DE /* Resources */ = {
			isa = PBXResourcesBuildPhase;
			buildActionMask = 2147483647;
			files = (
				920B98111D473ABD0083A4DE /* LaunchScreen.storyboard in Resources */,
				920B980E1D473ABD0083A4DE /* Assets.xcassets in Resources */,
				920B980C1D473ABD0083A4DE /* Main.storyboard in Resources */,
			);
			runOnlyForDeploymentPostprocessing = 0;
		};
/* End PBXResourcesBuildPhase section */

/* Begin PBXSourcesBuildPhase section */
		920B97FF1D473ABD0083A4DE /* Sources */ = {
			isa = PBXSourcesBuildPhase;
			buildActionMask = 2147483647;
			files = (
				920B98191D47406F0083A4DE /* Person.swift in Sources */,
				920B981B1D4743C70083A4DE /* UITextField+Extension.swift in Sources */,
				920B98091D473ABD0083A4DE /* ViewController.swift in Sources */,
				920B98071D473ABD0083A4DE /* AppDelegate.swift in Sources */,
			);
			runOnlyForDeploymentPostprocessing = 0;
		};
/* End PBXSourcesBuildPhase section */

/* Begin PBXVariantGroup section */
		920B980A1D473ABD0083A4DE /* Main.storyboard */ = {
			isa = PBXVariantGroup;
			children = (
				920B980B1D473ABD0083A4DE /* Base */,
			);
			name = Main.storyboard;
			sourceTree = "<group>";
		};
		920B980F1D473ABD0083A4DE /* LaunchScreen.storyboard */ = {
			isa = PBXVariantGroup;
			children = (
				920B98101D473ABD0083A4DE /* Base */,
			);
			name = LaunchScreen.storyboard;
			sourceTree = "<group>";
		};
/* End PBXVariantGroup section */

/* Begin XCBuildConfiguration section */
		920B98131D473ABD0083A4DE /* Debug */ = {
			isa = XCBuildConfiguration;
			buildSettings = {
				ALWAYS_SEARCH_USER_PATHS = NO;
				CLANG_ANALYZER_NONNULL = YES;
				CLANG_CXX_LANGUAGE_STANDARD = "gnu++0x";
				CLANG_CXX_LIBRARY = "libc++";
				CLANG_ENABLE_MODULES = YES;
				CLANG_ENABLE_OBJC_ARC = YES;
				CLANG_WARN_BOOL_CONVERSION = YES;
				CLANG_WARN_CONSTANT_CONVERSION = YES;
				CLANG_WARN_DIRECT_OBJC_ISA_USAGE = YES_ERROR;
				CLANG_WARN_DOCUMENTATION_COMMENTS = YES;
				CLANG_WARN_EMPTY_BODY = YES;
				CLANG_WARN_ENUM_CONVERSION = YES;
				CLANG_WARN_INT_CONVERSION = YES;
				CLANG_WARN_OBJC_ROOT_CLASS = YES_ERROR;
				CLANG_WARN_UNREACHABLE_CODE = YES;
				CLANG_WARN__DUPLICATE_METHOD_MATCH = YES;
				"CODE_SIGN_IDENTITY[sdk=iphoneos*]" = "iPhone Developer";
				COPY_PHASE_STRIP = NO;
				DEBUG_INFORMATION_FORMAT = dwarf;
				ENABLE_STRICT_OBJC_MSGSEND = YES;
				ENABLE_TESTABILITY = YES;
				GCC_C_LANGUAGE_STANDARD = gnu99;
				GCC_DYNAMIC_NO_PIC = NO;
				GCC_NO_COMMON_BLOCKS = YES;
				GCC_OPTIMIZATION_LEVEL = 0;
				GCC_PREPROCESSOR_DEFINITIONS = (
					"DEBUG=1",
					"$(inherited)",
				);
				GCC_WARN_64_TO_32_BIT_CONVERSION = YES;
				GCC_WARN_ABOUT_RETURN_TYPE = YES_ERROR;
				GCC_WARN_UNDECLARED_SELECTOR = YES;
				GCC_WARN_UNINITIALIZED_AUTOS = YES_AGGRESSIVE;
				GCC_WARN_UNUSED_FUNCTION = YES;
				GCC_WARN_UNUSED_VARIABLE = YES;
				IPHONEOS_DEPLOYMENT_TARGET = 10.0;
				MTL_ENABLE_DEBUG_INFO = YES;
				ONLY_ACTIVE_ARCH = YES;
				SDKROOT = iphoneos;
				SWIFT_ACTIVE_COMPILATION_CONDITIONS = DEBUG;
				SWIFT_OPTIMIZATION_LEVEL = "-Onone";
			};
			name = Debug;
		};
		920B98141D473ABD0083A4DE /* Release */ = {
			isa = XCBuildConfiguration;
			buildSettings = {
				ALWAYS_SEARCH_USER_PATHS = NO;
				CLANG_ANALYZER_NONNULL = YES;
				CLANG_CXX_LANGUAGE_STANDARD = "gnu++0x";
				CLANG_CXX_LIBRARY = "libc++";
				CLANG_ENABLE_MODULES = YES;
				CLANG_ENABLE_OBJC_ARC = YES;
				CLANG_WARN_BOOL_CONVERSION = YES;
				CLANG_WARN_CONSTANT_CONVERSION = YES;
				CLANG_WARN_DIRECT_OBJC_ISA_USAGE = YES_ERROR;
				CLANG_WARN_DOCUMENTATION_COMMENTS = YES;
				CLANG_WARN_EMPTY_BODY = YES;
				CLANG_WARN_ENUM_CONVERSION = YES;
				CLANG_WARN_INT_CONVERSION = YES;
				CLANG_WARN_OBJC_ROOT_CLASS = YES_ERROR;
				CLANG_WARN_UNREACHABLE_CODE = YES;
				CLANG_WARN__DUPLICATE_METHOD_MATCH = YES;
				"CODE_SIGN_IDENTITY[sdk=iphoneos*]" = "iPhone Developer";
				COPY_PHASE_STRIP = NO;
				DEBUG_INFORMATION_FORMAT = "dwarf-with-dsym";
				ENABLE_NS_ASSERTIONS = NO;
				ENABLE_STRICT_OBJC_MSGSEND = YES;
				GCC_C_LANGUAGE_STANDARD = gnu99;
				GCC_NO_COMMON_BLOCKS = YES;
				GCC_WARN_64_TO_32_BIT_CONVERSION = YES;
				GCC_WARN_ABOUT_RETURN_TYPE = YES_ERROR;
				GCC_WARN_UNDECLARED_SELECTOR = YES;
				GCC_WARN_UNINITIALIZED_AUTOS = YES_AGGRESSIVE;
				GCC_WARN_UNUSED_FUNCTION = YES;
				GCC_WARN_UNUSED_VARIABLE = YES;
				IPHONEOS_DEPLOYMENT_TARGET = 10.0;
				MTL_ENABLE_DEBUG_INFO = NO;
				SDKROOT = iphoneos;
				SWIFT_OPTIMIZATION_LEVEL = "-Owholemodule";
				VALIDATE_PRODUCT = YES;
			};
			name = Release;
		};
		920B98161D473ABD0083A4DE /* Debug */ = {
			isa = XCBuildConfiguration;
			buildSettings = {
				ASSETCATALOG_COMPILER_APPICON_NAME = AppIcon;
				INFOPLIST_FILE = privatebook/Info.plist;
				LD_RUNPATH_SEARCH_PATHS = "$(inherited) @executable_path/Frameworks";
				PRODUCT_BUNDLE_IDENTIFIER = com.touchmedia.privatebook;
				PRODUCT_NAME = "$(TARGET_NAME)";
				SWIFT_VERSION = 3.0;
			};
			name = Debug;
		};
		920B98171D473ABD0083A4DE /* Release */ = {
			isa = XCBuildConfiguration;
			buildSettings = {
				ASSETCATALOG_COMPILER_APPICON_NAME = AppIcon;
				INFOPLIST_FILE = privatebook/Info.plist;
				LD_RUNPATH_SEARCH_PATHS = "$(inherited) @executable_path/Frameworks";
				PRODUCT_BUNDLE_IDENTIFIER = com.touchmedia.privatebook;
				PRODUCT_NAME = "$(TARGET_NAME)";
				SWIFT_VERSION = 3.0;
			};
			name = Release;
		};
/* End XCBuildConfiguration section */

/* Begin XCConfigurationList section */
		920B97FE1D473ABD0083A4DE /* Build configuration list for PBXProject "privatebook" */ = {
			isa = XCConfigurationList;
			buildConfigurations = (
				920B98131D473ABD0083A4DE /* Debug */,
				920B98141D473ABD0083A4DE /* Release */,
			);
			defaultConfigurationIsVisible = 0;
			defaultConfigurationName = Release;
		};
		920B98151D473ABD0083A4DE /* Build configuration list for PBXNativeTarget "privatebook" */ = {
			isa = XCConfigurationList;
			buildConfigurations = (
				920B98161D473ABD0083A4DE /* Debug */,
				920B98171D473ABD0083A4DE /* Release */,
			);
			defaultConfigurationIsVisible = 0;
		};
/* End XCConfigurationList section */
	};
	rootObject = 920B97FB1D473ABD0083A4DE /* Project object */;
}
