<?xml version="1.0" encoding="UTF-8"?>
<!DOCTYPE plist PUBLIC "-//Apple//DTD PLIST 1.0//EN" "http://www.apple.com/DTDs/PropertyList-1.0.dtd">
<plist version="1.0">
<dict>
	<key>archiveVersion</key>
	<string>1</string>
	<key>classes</key>
	<dict/>
	<key>objectVersion</key>
	<string>46</string>
	<key>objects</key>
	<dict>
		<key>0755574AD05658E20005556B</key>
		<dict>
			<key>includeInIndex</key>
			<string>1</string>
			<key>isa</key>
			<string>PBXFileReference</string>
			<key>lastKnownFileType</key>
			<string>text.xcconfig</string>
			<key>name</key>
			<string>Pods-TodaysReactiveMenuTests.debug.xcconfig</string>
			<key>path</key>
			<string>Pods/Target Support Files/Pods-TodaysReactiveMenuTests/Pods-TodaysReactiveMenuTests.debug.xcconfig</string>
			<key>sourceTree</key>
			<string>&lt;group&gt;</string>
		</dict>
		<key>083133581606735FD3F5C2AF</key>
		<dict>
			<key>fileRef</key>
			<string>6EB347426B3C99439B8B6184</string>
			<key>isa</key>
			<string>PBXBuildFile</string>
		</dict>
		<key>12A568F8B635A1697BE685AE</key>
		<dict>
			<key>fileRef</key>
			<string>175F911B369275689189D876</string>
			<key>isa</key>
			<string>PBXBuildFile</string>
		</dict>
		<key>1632ED4634F6848EA509EA10</key>
		<dict>
			<key>buildActionMask</key>
			<string>2147483647</string>
			<key>files</key>
			<array/>
			<key>inputPaths</key>
			<array/>
			<key>isa</key>
			<string>PBXShellScriptBuildPhase</string>
			<key>name</key>
			<string>&#128230; Embed Pods Frameworks</string>
			<key>outputPaths</key>
			<array/>
			<key>runOnlyForDeploymentPostprocessing</key>
			<string>0</string>
			<key>shellPath</key>
			<string>/bin/sh</string>
			<key>shellScript</key>
			<string>"${SRCROOT}/Pods/Target Support Files/Pods-TodaysReactiveMenuWatch Extension/Pods-TodaysReactiveMenuWatch Extension-frameworks.sh"
</string>
			<key>showEnvVarsInLog</key>
			<string>0</string>
		</dict>
		<key>175F911B369275689189D876</key>
		<dict>
			<key>explicitFileType</key>
			<string>wrapper.framework</string>
			<key>includeInIndex</key>
			<string>0</string>
			<key>isa</key>
			<string>PBXFileReference</string>
			<key>path</key>
			<string>Pods_TodaysReactiveMenu.framework</string>
			<key>sourceTree</key>
			<string>BUILT_PRODUCTS_DIR</string>
		</dict>
		<key>1B711F4B339FEB05EDF7ABDD</key>
		<dict>
			<key>buildActionMask</key>
			<string>2147483647</string>
			<key>files</key>
			<array/>
			<key>inputPaths</key>
			<array/>
			<key>isa</key>
			<string>PBXShellScriptBuildPhase</string>
			<key>name</key>
			<string>Embed Pods Frameworks</string>
			<key>outputPaths</key>
			<array/>
			<key>runOnlyForDeploymentPostprocessing</key>
			<string>0</string>
			<key>shellPath</key>
			<string>/bin/sh</string>
			<key>shellScript</key>
			<string>"${SRCROOT}/Pods/Target Support Files/Pods-TodaysReactiveMenu/Pods-TodaysReactiveMenu-frameworks.sh"
</string>
			<key>showEnvVarsInLog</key>
			<string>0</string>
		</dict>
		<key>1C2A80240348E9D4C2648A72</key>
		<dict>
			<key>children</key>
			<array>
				<string>175F911B369275689189D876</string>
				<string>A639FF0B2F96832870EE0D2A</string>
				<string>6EB347426B3C99439B8B6184</string>
			</array>
			<key>isa</key>
			<string>PBXGroup</string>
			<key>name</key>
			<string>Frameworks</string>
			<key>sourceTree</key>
			<string>&lt;group&gt;</string>
		</dict>
		<key>224FF80576D970541FEFC491</key>
		<dict>
			<key>buildActionMask</key>
			<string>2147483647</string>
			<key>files</key>
			<array/>
			<key>inputPaths</key>
			<array/>
			<key>isa</key>
			<string>PBXShellScriptBuildPhase</string>
			<key>name</key>
			<string>Embed Pods Frameworks</string>
			<key>outputPaths</key>
			<array/>
			<key>runOnlyForDeploymentPostprocessing</key>
			<string>0</string>
			<key>shellPath</key>
			<string>/bin/sh</string>
			<key>shellScript</key>
			<string>"${SRCROOT}/Pods/Target Support Files/Pods-TodaysReactiveMenuWatch Extension/Pods-TodaysReactiveMenuWatch Extension-frameworks.sh"
</string>
			<key>showEnvVarsInLog</key>
			<string>0</string>
		</dict>
		<key>3A1C10871C8B78D200531AD2</key>
		<dict>
			<key>children</key>
			<array>
				<string>3A1C10881C8B78D200531AD2</string>
				<string>3A1C10891C8B78D200531AD2</string>
				<string>3A1C108A1C8B78D200531AD2</string>
				<string>3A1C108B1C8B78D200531AD2</string>
			</array>
			<key>isa</key>
			<string>PBXGroup</string>
			<key>path</key>
			<string>MVVMHelper</string>
			<key>sourceTree</key>
			<string>&lt;group&gt;</string>
		</dict>
		<key>3A1C10881C8B78D200531AD2</key>
		<dict>
			<key>fileEncoding</key>
			<string>4</string>
			<key>isa</key>
			<string>PBXFileReference</string>
			<key>lastKnownFileType</key>
			<string>sourcecode.swift</string>
			<key>path</key>
			<string>MVVMViewModelResource.swift</string>
			<key>sourceTree</key>
			<string>&lt;group&gt;</string>
		</dict>
		<key>3A1C10891C8B78D200531AD2</key>
		<dict>
			<key>fileEncoding</key>
			<string>4</string>
			<key>isa</key>
			<string>PBXFileReference</string>
			<key>lastKnownFileType</key>
			<string>sourcecode.swift</string>
			<key>path</key>
			<string>MVVMViewResource.swift</string>
			<key>sourceTree</key>
			<string>&lt;group&gt;</string>
		</dict>
		<key>3A1C108A1C8B78D200531AD2</key>
		<dict>
			<key>fileEncoding</key>
			<string>4</string>
			<key>isa</key>
			<string>PBXFileReference</string>
			<key>lastKnownFileType</key>
			<string>sourcecode.swift</string>
			<key>path</key>
			<string>MVVMViewResourceiOS.swift</string>
			<key>sourceTree</key>
			<string>&lt;group&gt;</string>
		</dict>
		<key>3A1C108B1C8B78D200531AD2</key>
		<dict>
			<key>fileEncoding</key>
			<string>4</string>
			<key>isa</key>
			<string>PBXFileReference</string>
			<key>lastKnownFileType</key>
			<string>sourcecode.swift</string>
			<key>path</key>
			<string>MVVMViewResourceWatchOS.swift</string>
			<key>sourceTree</key>
			<string>&lt;group&gt;</string>
		</dict>
		<key>3A1C108C1C8B78D200531AD2</key>
		<dict>
			<key>fileRef</key>
			<string>3A1C10881C8B78D200531AD2</string>
			<key>isa</key>
			<string>PBXBuildFile</string>
		</dict>
		<key>3A1C108D1C8B78D200531AD2</key>
		<dict>
			<key>fileRef</key>
			<string>3A1C10891C8B78D200531AD2</string>
			<key>isa</key>
			<string>PBXBuildFile</string>
		</dict>
		<key>3A1C108E1C8B78D200531AD2</key>
		<dict>
			<key>fileRef</key>
			<string>3A1C108A1C8B78D200531AD2</string>
			<key>isa</key>
			<string>PBXBuildFile</string>
		</dict>
		<key>3A1C10901C8B790200531AD2</key>
		<dict>
			<key>fileRef</key>
			<string>3A1C108B1C8B78D200531AD2</string>
			<key>isa</key>
			<string>PBXBuildFile</string>
		</dict>
		<key>3A1C10911C8B793D00531AD2</key>
		<dict>
			<key>fileRef</key>
			<string>3A1C10891C8B78D200531AD2</string>
			<key>isa</key>
			<string>PBXBuildFile</string>
		</dict>
		<key>3A1C10921C8B794800531AD2</key>
		<dict>
			<key>fileRef</key>
			<string>3A1C10881C8B78D200531AD2</string>
			<key>isa</key>
			<string>PBXBuildFile</string>
		</dict>
		<key>3A29EB221BB828B10053207C</key>
		<dict>
			<key>buildActionMask</key>
			<string>2147483647</string>
			<key>files</key>
			<array>
				<string>3A29EB2A1BB828B10053207C</string>
				<string>3A29EB281BB828B10053207C</string>
			</array>
			<key>isa</key>
			<string>PBXResourcesBuildPhase</string>
			<key>runOnlyForDeploymentPostprocessing</key>
			<string>0</string>
		</dict>
		<key>3A29EB231BB828B10053207C</key>
		<dict>
			<key>buildConfigurationList</key>
			<string>3A29EB4D1BB828B10053207C</string>
			<key>buildPhases</key>
			<array>
				<string>3A29EB221BB828B10053207C</string>
				<string>3A29EB4C1BB828B10053207C</string>
				<string>3BBD6223E0A187D97B9C3D5C</string>
			</array>
			<key>buildRules</key>
			<array/>
			<key>dependencies</key>
			<array>
				<string>3A29EB331BB828B10053207C</string>
			</array>
			<key>isa</key>
			<string>PBXNativeTarget</string>
			<key>name</key>
			<string>TodaysReactiveMenuWatch</string>
			<key>productName</key>
			<string>TodaysReactiveMenuWatch</string>
			<key>productReference</key>
			<string>3A29EB241BB828B10053207C</string>
			<key>productType</key>
			<string>com.apple.product-type.application.watchapp2</string>
		</dict>
		<key>3A29EB241BB828B10053207C</key>
		<dict>
			<key>explicitFileType</key>
			<string>wrapper.application</string>
			<key>includeInIndex</key>
			<string>0</string>
			<key>isa</key>
			<string>PBXFileReference</string>
			<key>path</key>
			<string>TodaysReactiveMenuWatch.app</string>
			<key>sourceTree</key>
			<string>BUILT_PRODUCTS_DIR</string>
		</dict>
		<key>3A29EB251BB828B10053207C</key>
		<dict>
			<key>children</key>
			<array>
				<string>3A29EB261BB828B10053207C</string>
				<string>3A29EB291BB828B10053207C</string>
				<string>3A29EB2B1BB828B10053207C</string>
			</array>
			<key>isa</key>
			<string>PBXGroup</string>
			<key>path</key>
			<string>TodaysReactiveMenuWatch</string>
			<key>sourceTree</key>
			<string>&lt;group&gt;</string>
		</dict>
		<key>3A29EB261BB828B10053207C</key>
		<dict>
			<key>children</key>
			<array>
				<string>3A29EB271BB828B10053207C</string>
			</array>
			<key>isa</key>
			<string>PBXVariantGroup</string>
			<key>name</key>
			<string>Interface.storyboard</string>
			<key>sourceTree</key>
			<string>&lt;group&gt;</string>
		</dict>
		<key>3A29EB271BB828B10053207C</key>
		<dict>
			<key>isa</key>
			<string>PBXFileReference</string>
			<key>lastKnownFileType</key>
			<string>file.storyboard</string>
			<key>name</key>
			<string>Base</string>
			<key>path</key>
			<string>Base.lproj/Interface.storyboard</string>
			<key>sourceTree</key>
			<string>&lt;group&gt;</string>
		</dict>
		<key>3A29EB281BB828B10053207C</key>
		<dict>
			<key>fileRef</key>
			<string>3A29EB261BB828B10053207C</string>
			<key>isa</key>
			<string>PBXBuildFile</string>
		</dict>
		<key>3A29EB291BB828B10053207C</key>
		<dict>
			<key>isa</key>
			<string>PBXFileReference</string>
			<key>lastKnownFileType</key>
			<string>folder.assetcatalog</string>
			<key>path</key>
			<string>Assets.xcassets</string>
			<key>sourceTree</key>
			<string>&lt;group&gt;</string>
		</dict>
		<key>3A29EB2A1BB828B10053207C</key>
		<dict>
			<key>fileRef</key>
			<string>3A29EB291BB828B10053207C</string>
			<key>isa</key>
			<string>PBXBuildFile</string>
		</dict>
		<key>3A29EB2B1BB828B10053207C</key>
		<dict>
			<key>isa</key>
			<string>PBXFileReference</string>
			<key>lastKnownFileType</key>
			<string>text.plist.xml</string>
			<key>path</key>
			<string>Info.plist</string>
			<key>sourceTree</key>
			<string>&lt;group&gt;</string>
		</dict>
		<key>3A29EB2C1BB828B10053207C</key>
		<dict>
			<key>buildActionMask</key>
			<string>2147483647</string>
			<key>files</key>
			<array>
				<string>3A864CF41C870F3700C2FD2D</string>
				<string>3A864CF11C870C8400C2FD2D</string>
				<string>3A1C10901C8B790200531AD2</string>
				<string>3A29EB3C1BB828B10053207C</string>
				<string>3A29EB3A1BB828B10053207C</string>
				<string>3A864CF01C870C7900C2FD2D</string>
				<string>3A29EB401BB828B10053207C</string>
				<string>3A29EB381BB828B10053207C</string>
				<string>3A864CF21C870C8600C2FD2D</string>
				<string>3A864CF51C87246300C2FD2D</string>
				<string>3A29EB3E1BB828B10053207C</string>
				<string>3A1C10911C8B793D00531AD2</string>
				<string>3A1C10921C8B794800531AD2</string>
				<string>3A864CF31C870C8900C2FD2D</string>
			</array>
			<key>isa</key>
			<string>PBXSourcesBuildPhase</string>
			<key>runOnlyForDeploymentPostprocessing</key>
			<string>0</string>
		</dict>
		<key>3A29EB2D1BB828B10053207C</key>
		<dict>
			<key>buildActionMask</key>
			<string>2147483647</string>
			<key>files</key>
			<array>
				<string>083133581606735FD3F5C2AF</string>
			</array>
			<key>isa</key>
			<string>PBXFrameworksBuildPhase</string>
			<key>runOnlyForDeploymentPostprocessing</key>
			<string>0</string>
		</dict>
		<key>3A29EB2E1BB828B10053207C</key>
		<dict>
			<key>buildActionMask</key>
			<string>2147483647</string>
			<key>files</key>
			<array>
				<string>3A29EB421BB828B10053207C</string>
			</array>
			<key>isa</key>
			<string>PBXResourcesBuildPhase</string>
			<key>runOnlyForDeploymentPostprocessing</key>
			<string>0</string>
		</dict>
		<key>3A29EB2F1BB828B10053207C</key>
		<dict>
			<key>buildConfigurationList</key>
			<string>3A29EB4B1BB828B10053207C</string>
			<key>buildPhases</key>
			<array>
				<string>A32F65A1EEE577165C150595</string>
				<string>3A29EB2C1BB828B10053207C</string>
				<string>3A29EB2D1BB828B10053207C</string>
				<string>3A29EB2E1BB828B10053207C</string>
				<string>1632ED4634F6848EA509EA10</string>
				<string>4A6C3F26C303000A9AA47209</string>
				<string>224FF80576D970541FEFC491</string>
			</array>
			<key>buildRules</key>
			<array/>
			<key>dependencies</key>
			<array/>
			<key>isa</key>
			<string>PBXNativeTarget</string>
			<key>name</key>
			<string>TodaysReactiveMenuWatch Extension</string>
			<key>productName</key>
			<string>TodaysReactiveMenuWatch Extension</string>
			<key>productReference</key>
			<string>3A29EB301BB828B10053207C</string>
			<key>productType</key>
			<string>com.apple.product-type.watchkit2-extension</string>
		</dict>
		<key>3A29EB301BB828B10053207C</key>
		<dict>
			<key>explicitFileType</key>
			<string>wrapper.app-extension</string>
			<key>includeInIndex</key>
			<string>0</string>
			<key>isa</key>
			<string>PBXFileReference</string>
			<key>path</key>
			<string>TodaysReactiveMenuWatch Extension.appex</string>
			<key>sourceTree</key>
			<string>BUILT_PRODUCTS_DIR</string>
		</dict>
		<key>3A29EB311BB828B10053207C</key>
		<dict>
			<key>fileRef</key>
			<string>3A29EB301BB828B10053207C</string>
			<key>isa</key>
			<string>PBXBuildFile</string>
			<key>settings</key>
			<dict>
				<key>ATTRIBUTES</key>
				<array>
					<string>RemoveHeadersOnCopy</string>
				</array>
			</dict>
		</dict>
		<key>3A29EB321BB828B10053207C</key>
		<dict>
			<key>containerPortal</key>
			<string>3AB0EE811B120DCD0065C13F</string>
			<key>isa</key>
			<string>PBXContainerItemProxy</string>
			<key>proxyType</key>
			<string>1</string>
			<key>remoteGlobalIDString</key>
			<string>3A29EB2F1BB828B10053207C</string>
			<key>remoteInfo</key>
			<string>TodaysReactiveMenuWatch Extension</string>
		</dict>
		<key>3A29EB331BB828B10053207C</key>
		<dict>
			<key>isa</key>
			<string>PBXTargetDependency</string>
			<key>target</key>
			<string>3A29EB2F1BB828B10053207C</string>
			<key>targetProxy</key>
			<string>3A29EB321BB828B10053207C</string>
		</dict>
		<key>3A29EB341BB828B10053207C</key>
		<dict>
			<key>children</key>
			<array>
				<string>3A29EB371BB828B10053207C</string>
				<string>3A29EB391BB828B10053207C</string>
				<string>3A29EB3B1BB828B10053207C</string>
				<string>3A29EB3D1BB828B10053207C</string>
				<string>3A29EB3F1BB828B10053207C</string>
				<string>3A29EB411BB828B10053207C</string>
				<string>3A29EB431BB828B10053207C</string>
				<string>3A29EB351BB828B10053207C</string>
			</array>
			<key>isa</key>
			<string>PBXGroup</string>
			<key>path</key>
			<string>TodaysReactiveMenuWatch Extension</string>
			<key>sourceTree</key>
			<string>&lt;group&gt;</string>
		</dict>
		<key>3A29EB351BB828B10053207C</key>
		<dict>
			<key>children</key>
			<array>
				<string>3A29EB361BB828B10053207C</string>
			</array>
			<key>isa</key>
			<string>PBXGroup</string>
			<key>name</key>
			<string>Supporting Files</string>
			<key>sourceTree</key>
			<string>&lt;group&gt;</string>
		</dict>
		<key>3A29EB361BB828B10053207C</key>
		<dict>
			<key>isa</key>
			<string>PBXFileReference</string>
			<key>lastKnownFileType</key>
			<string>text</string>
			<key>path</key>
			<string>PushNotificationPayload.apns</string>
			<key>sourceTree</key>
			<string>&lt;group&gt;</string>
		</dict>
		<key>3A29EB371BB828B10053207C</key>
		<dict>
			<key>isa</key>
			<string>PBXFileReference</string>
			<key>lastKnownFileType</key>
			<string>sourcecode.swift</string>
			<key>path</key>
			<string>InterfaceController.swift</string>
			<key>sourceTree</key>
			<string>&lt;group&gt;</string>
		</dict>
		<key>3A29EB381BB828B10053207C</key>
		<dict>
			<key>fileRef</key>
			<string>3A29EB371BB828B10053207C</string>
			<key>isa</key>
			<string>PBXBuildFile</string>
		</dict>
		<key>3A29EB391BB828B10053207C</key>
		<dict>
			<key>isa</key>
			<string>PBXFileReference</string>
			<key>lastKnownFileType</key>
			<string>sourcecode.swift</string>
			<key>path</key>
			<string>ExtensionDelegate.swift</string>
			<key>sourceTree</key>
			<string>&lt;group&gt;</string>
		</dict>
		<key>3A29EB3A1BB828B10053207C</key>
		<dict>
			<key>fileRef</key>
			<string>3A29EB391BB828B10053207C</string>
			<key>isa</key>
			<string>PBXBuildFile</string>
		</dict>
		<key>3A29EB3B1BB828B10053207C</key>
		<dict>
			<key>isa</key>
			<string>PBXFileReference</string>
			<key>lastKnownFileType</key>
			<string>sourcecode.swift</string>
			<key>path</key>
			<string>NotificationController.swift</string>
			<key>sourceTree</key>
			<string>&lt;group&gt;</string>
		</dict>
		<key>3A29EB3C1BB828B10053207C</key>
		<dict>
			<key>fileRef</key>
			<string>3A29EB3B1BB828B10053207C</string>
			<key>isa</key>
			<string>PBXBuildFile</string>
		</dict>
		<key>3A29EB3D1BB828B10053207C</key>
		<dict>
			<key>isa</key>
			<string>PBXFileReference</string>
			<key>lastKnownFileType</key>
			<string>sourcecode.swift</string>
			<key>path</key>
			<string>GlanceController.swift</string>
			<key>sourceTree</key>
			<string>&lt;group&gt;</string>
		</dict>
		<key>3A29EB3E1BB828B10053207C</key>
		<dict>
			<key>fileRef</key>
			<string>3A29EB3D1BB828B10053207C</string>
			<key>isa</key>
			<string>PBXBuildFile</string>
		</dict>
		<key>3A29EB3F1BB828B10053207C</key>
		<dict>
			<key>isa</key>
			<string>PBXFileReference</string>
			<key>lastKnownFileType</key>
			<string>sourcecode.swift</string>
			<key>path</key>
			<string>ComplicationController.swift</string>
			<key>sourceTree</key>
			<string>&lt;group&gt;</string>
		</dict>
		<key>3A29EB401BB828B10053207C</key>
		<dict>
			<key>fileRef</key>
			<string>3A29EB3F1BB828B10053207C</string>
			<key>isa</key>
			<string>PBXBuildFile</string>
		</dict>
		<key>3A29EB411BB828B10053207C</key>
		<dict>
			<key>isa</key>
			<string>PBXFileReference</string>
			<key>lastKnownFileType</key>
			<string>folder.assetcatalog</string>
			<key>path</key>
			<string>Assets.xcassets</string>
			<key>sourceTree</key>
			<string>&lt;group&gt;</string>
		</dict>
		<key>3A29EB421BB828B10053207C</key>
		<dict>
			<key>fileRef</key>
			<string>3A29EB411BB828B10053207C</string>
			<key>isa</key>
			<string>PBXBuildFile</string>
		</dict>
		<key>3A29EB431BB828B10053207C</key>
		<dict>
			<key>isa</key>
			<string>PBXFileReference</string>
			<key>lastKnownFileType</key>
			<string>text.plist.xml</string>
			<key>path</key>
			<string>Info.plist</string>
			<key>sourceTree</key>
			<string>&lt;group&gt;</string>
		</dict>
		<key>3A29EB441BB828B10053207C</key>
		<dict>
			<key>containerPortal</key>
			<string>3AB0EE811B120DCD0065C13F</string>
			<key>isa</key>
			<string>PBXContainerItemProxy</string>
			<key>proxyType</key>
			<string>1</string>
			<key>remoteGlobalIDString</key>
			<string>3A29EB231BB828B10053207C</string>
			<key>remoteInfo</key>
			<string>TodaysReactiveMenuWatch</string>
		</dict>
		<key>3A29EB451BB828B10053207C</key>
		<dict>
			<key>isa</key>
			<string>PBXTargetDependency</string>
			<key>target</key>
			<string>3A29EB231BB828B10053207C</string>
			<key>targetProxy</key>
			<string>3A29EB441BB828B10053207C</string>
		</dict>
		<key>3A29EB461BB828B10053207C</key>
		<dict>
			<key>fileRef</key>
			<string>3A29EB241BB828B10053207C</string>
			<key>isa</key>
			<string>PBXBuildFile</string>
		</dict>
		<key>3A29EB471BB828B10053207C</key>
		<dict>
			<key>buildSettings</key>
			<dict>
				<key>ASSETCATALOG_COMPILER_APPICON_NAME</key>
				<string>AppIcon</string>
				<key>DEBUG_INFORMATION_FORMAT</key>
				<string>dwarf</string>
				<key>EMBEDDED_CONTENT_CONTAINS_SWIFT</key>
				<string>NO</string>
				<key>ENABLE_TESTABILITY</key>
				<string>YES</string>
				<key>IBSC_MODULE</key>
				<string>TodaysReactiveMenuWatch_Extension</string>
				<key>INFOPLIST_FILE</key>
				<string>TodaysReactiveMenuWatch/Info.plist</string>
				<key>PRODUCT_BUNDLE_IDENTIFIER</key>
				<string>com.steffendsommer.todaysmenu.watchkitapp</string>
				<key>PRODUCT_NAME</key>
				<string>$(TARGET_NAME)</string>
				<key>PROVISIONING_PROFILE</key>
				<string>f187e48f-3af6-4d74-a332-729797b06209</string>
				<key>SDKROOT</key>
				<string>watchos</string>
				<key>SKIP_INSTALL</key>
				<string>YES</string>
				<key>TARGETED_DEVICE_FAMILY</key>
				<string>4</string>
				<key>WATCHOS_DEPLOYMENT_TARGET</key>
				<string>2.0</string>
			</dict>
			<key>isa</key>
			<string>XCBuildConfiguration</string>
			<key>name</key>
			<string>Debug</string>
		</dict>
		<key>3A29EB481BB828B10053207C</key>
		<dict>
			<key>buildSettings</key>
			<dict>
				<key>ASSETCATALOG_COMPILER_APPICON_NAME</key>
				<string>AppIcon</string>
				<key>EMBEDDED_CONTENT_CONTAINS_SWIFT</key>
				<string>NO</string>
				<key>IBSC_MODULE</key>
				<string>TodaysReactiveMenuWatch_Extension</string>
				<key>INFOPLIST_FILE</key>
				<string>TodaysReactiveMenuWatch/Info.plist</string>
				<key>PRODUCT_BUNDLE_IDENTIFIER</key>
				<string>com.steffendsommer.todaysmenu.watchkitapp</string>
				<key>PRODUCT_NAME</key>
				<string>$(TARGET_NAME)</string>
				<key>PROVISIONING_PROFILE</key>
				<string>08b5efbc-86f5-4639-8d21-65f35775c2e3</string>
				<key>SDKROOT</key>
				<string>watchos</string>
				<key>SKIP_INSTALL</key>
				<string>YES</string>
				<key>TARGETED_DEVICE_FAMILY</key>
				<string>4</string>
				<key>WATCHOS_DEPLOYMENT_TARGET</key>
				<string>2.0</string>
			</dict>
			<key>isa</key>
			<string>XCBuildConfiguration</string>
			<key>name</key>
			<string>Release</string>
		</dict>
		<key>3A29EB491BB828B10053207C</key>
		<dict>
			<key>baseConfigurationReference</key>
			<string>800AF2DE8E5BD84BC1D9B961</string>
			<key>buildSettings</key>
			<dict>
				<key>ASSETCATALOG_COMPILER_COMPLICATION_NAME</key>
				<string>Complication</string>
				<key>CODE_SIGN_IDENTITY</key>
				<string>iPhone Developer</string>
				<key>DEBUG_INFORMATION_FORMAT</key>
				<string>dwarf</string>
				<key>ENABLE_TESTABILITY</key>
				<string>YES</string>
				<key>INFOPLIST_FILE</key>
				<string>TodaysReactiveMenuWatch Extension/Info.plist</string>
				<key>LD_RUNPATH_SEARCH_PATHS</key>
				<string>$(inherited) @executable_path/Frameworks @executable_path/../../Frameworks</string>
				<key>PRODUCT_BUNDLE_IDENTIFIER</key>
				<string>com.steffendsommer.todaysmenu.watchkitapp.watchkitextension</string>
				<key>PRODUCT_NAME</key>
				<string>${TARGET_NAME}</string>
				<key>PROVISIONING_PROFILE</key>
				<string>21575c4d-e508-489e-b84a-6e9219cd7ef2</string>
				<key>SDKROOT</key>
				<string>watchos</string>
				<key>SKIP_INSTALL</key>
				<string>YES</string>
				<key>TARGETED_DEVICE_FAMILY</key>
				<string>4</string>
				<key>WATCHOS_DEPLOYMENT_TARGET</key>
				<string>2.0</string>
			</dict>
			<key>isa</key>
			<string>XCBuildConfiguration</string>
			<key>name</key>
			<string>Debug</string>
		</dict>
		<key>3A29EB4A1BB828B10053207C</key>
		<dict>
			<key>baseConfigurationReference</key>
			<string>F3DCE96E18A6378F868CE4CC</string>
			<key>buildSettings</key>
			<dict>
				<key>ASSETCATALOG_COMPILER_COMPLICATION_NAME</key>
				<string>Complication</string>
				<key>CODE_SIGN_IDENTITY</key>
				<string>iPhone Developer</string>
				<key>INFOPLIST_FILE</key>
				<string>TodaysReactiveMenuWatch Extension/Info.plist</string>
				<key>LD_RUNPATH_SEARCH_PATHS</key>
				<string>$(inherited) @executable_path/Frameworks @executable_path/../../Frameworks</string>
				<key>PRODUCT_BUNDLE_IDENTIFIER</key>
				<string>com.steffendsommer.todaysmenu.watchkitapp.watchkitextension</string>
				<key>PRODUCT_NAME</key>
				<string>${TARGET_NAME}</string>
				<key>PROVISIONING_PROFILE</key>
				<string>24e92627-002d-4535-beb2-e2df741c0ba5</string>
				<key>SDKROOT</key>
				<string>watchos</string>
				<key>SKIP_INSTALL</key>
				<string>YES</string>
				<key>TARGETED_DEVICE_FAMILY</key>
				<string>4</string>
				<key>WATCHOS_DEPLOYMENT_TARGET</key>
				<string>2.0</string>
			</dict>
			<key>isa</key>
			<string>XCBuildConfiguration</string>
			<key>name</key>
			<string>Release</string>
		</dict>
		<key>3A29EB4B1BB828B10053207C</key>
		<dict>
			<key>buildConfigurations</key>
			<array>
				<string>3A29EB491BB828B10053207C</string>
				<string>3A29EB4A1BB828B10053207C</string>
			</array>
			<key>defaultConfigurationIsVisible</key>
			<string>0</string>
			<key>defaultConfigurationName</key>
			<string>Release</string>
			<key>isa</key>
			<string>XCConfigurationList</string>
		</dict>
		<key>3A29EB4C1BB828B10053207C</key>
		<dict>
			<key>buildActionMask</key>
			<string>2147483647</string>
			<key>dstPath</key>
			<string></string>
			<key>dstSubfolderSpec</key>
			<string>13</string>
			<key>files</key>
			<array>
				<string>3A29EB311BB828B10053207C</string>
			</array>
			<key>isa</key>
			<string>PBXCopyFilesBuildPhase</string>
			<key>name</key>
			<string>Embed App Extensions</string>
			<key>runOnlyForDeploymentPostprocessing</key>
			<string>0</string>
		</dict>
		<key>3A29EB4D1BB828B10053207C</key>
		<dict>
			<key>buildConfigurations</key>
			<array>
				<string>3A29EB471BB828B10053207C</string>
				<string>3A29EB481BB828B10053207C</string>
			</array>
			<key>defaultConfigurationIsVisible</key>
			<string>0</string>
			<key>defaultConfigurationName</key>
			<string>Release</string>
			<key>isa</key>
			<string>XCConfigurationList</string>
		</dict>
		<key>3A29EB4E1BB828B10053207C</key>
		<dict>
			<key>buildActionMask</key>
			<string>2147483647</string>
			<key>dstPath</key>
			<string>$(CONTENTS_FOLDER_PATH)/Watch</string>
			<key>dstSubfolderSpec</key>
			<string>16</string>
			<key>files</key>
			<array>
				<string>3A29EB461BB828B10053207C</string>
			</array>
			<key>isa</key>
			<string>PBXCopyFilesBuildPhase</string>
			<key>name</key>
			<string>Embed Watch Content</string>
			<key>runOnlyForDeploymentPostprocessing</key>
			<string>0</string>
		</dict>
		<key>3A492DC41C57D72E0017209A</key>
		<dict>
			<key>fileEncoding</key>
			<string>4</string>
			<key>isa</key>
			<string>PBXFileReference</string>
			<key>lastKnownFileType</key>
			<string>sourcecode.swift</string>
			<key>path</key>
			<string>Archivable.swift</string>
			<key>sourceTree</key>
			<string>&lt;group&gt;</string>
		</dict>
		<key>3A492DC51C57D72E0017209A</key>
		<dict>
			<key>fileRef</key>
			<string>3A492DC41C57D72E0017209A</string>
			<key>isa</key>
			<string>PBXBuildFile</string>
		</dict>
		<key>3A492DC61C57D87F0017209A</key>
		<dict>
			<key>fileEncoding</key>
			<string>4</string>
			<key>isa</key>
			<string>PBXFileReference</string>
			<key>lastKnownFileType</key>
			<string>sourcecode.swift</string>
			<key>path</key>
			<string>Formattable.swift</string>
			<key>sourceTree</key>
			<string>&lt;group&gt;</string>
		</dict>
		<key>3A492DC71C57D87F0017209A</key>
		<dict>
			<key>fileRef</key>
			<string>3A492DC61C57D87F0017209A</string>
			<key>isa</key>
			<string>PBXBuildFile</string>
		</dict>
		<key>3A7B52721B1306FF00C0F539</key>
		<dict>
			<key>fileEncoding</key>
			<string>4</string>
			<key>isa</key>
			<string>PBXFileReference</string>
			<key>lastKnownFileType</key>
			<string>sourcecode.swift</string>
			<key>path</key>
			<string>Menu.swift</string>
			<key>sourceTree</key>
			<string>&lt;group&gt;</string>
		</dict>
		<key>3A7B52731B1306FF00C0F539</key>
		<dict>
			<key>fileRef</key>
			<string>3A7B52721B1306FF00C0F539</string>
			<key>isa</key>
			<string>PBXBuildFile</string>
		</dict>
		<key>3A7B52761B13071700C0F539</key>
		<dict>
			<key>fileEncoding</key>
			<string>4</string>
			<key>isa</key>
			<string>PBXFileReference</string>
			<key>lastKnownFileType</key>
			<string>sourcecode.swift</string>
			<key>path</key>
			<string>RACHelpers.swift</string>
			<key>sourceTree</key>
			<string>&lt;group&gt;</string>
		</dict>
		<key>3A7B52771B13071700C0F539</key>
		<dict>
			<key>fileRef</key>
			<string>3A7B52761B13071700C0F539</string>
			<key>isa</key>
			<string>PBXBuildFile</string>
		</dict>
		<key>3A7B52781B13071D00C0F539</key>
		<dict>
			<key>fileEncoding</key>
			<string>4</string>
			<key>isa</key>
			<string>PBXFileReference</string>
			<key>lastKnownFileType</key>
			<string>sourcecode.swift</string>
			<key>path</key>
			<string>UIKitExtensions.swift</string>
			<key>sourceTree</key>
			<string>&lt;group&gt;</string>
		</dict>
		<key>3A7B52791B13071D00C0F539</key>
		<dict>
			<key>fileRef</key>
			<string>3A7B52781B13071D00C0F539</string>
			<key>isa</key>
			<string>PBXBuildFile</string>
		</dict>
		<key>3A7B527A1B13072900C0F539</key>
		<dict>
			<key>fileEncoding</key>
			<string>4</string>
			<key>isa</key>
			<string>PBXFileReference</string>
			<key>lastKnownFileType</key>
			<string>sourcecode.swift</string>
			<key>path</key>
			<string>TodaysMenuViewController.swift</string>
			<key>sourceTree</key>
			<string>&lt;group&gt;</string>
		</dict>
		<key>3A7B527B1B13072900C0F539</key>
		<dict>
			<key>fileRef</key>
			<string>3A7B527A1B13072900C0F539</string>
			<key>isa</key>
			<string>PBXBuildFile</string>
		</dict>
		<key>3A7B527C1B13073000C0F539</key>
		<dict>
			<key>fileEncoding</key>
			<string>4</string>
			<key>isa</key>
			<string>PBXFileReference</string>
			<key>lastKnownFileType</key>
			<string>sourcecode.swift</string>
			<key>path</key>
			<string>TodaysMenuViewModel.swift</string>
			<key>sourceTree</key>
			<string>&lt;group&gt;</string>
		</dict>
		<key>3A7B527D1B13073000C0F539</key>
		<dict>
			<key>fileRef</key>
			<string>3A7B527C1B13073000C0F539</string>
			<key>isa</key>
			<string>PBXBuildFile</string>
		</dict>
		<key>3A80207A1B602AD200AED403</key>
		<dict>
			<key>fileEncoding</key>
			<string>4</string>
			<key>isa</key>
			<string>PBXFileReference</string>
			<key>lastKnownFileType</key>
			<string>text.plist.xml</string>
			<key>path</key>
			<string>GoogleService-Info.plist</string>
			<key>sourceTree</key>
			<string>&lt;group&gt;</string>
		</dict>
		<key>3A864CF01C870C7900C2FD2D</key>
		<dict>
			<key>fileRef</key>
			<string>3A7B52721B1306FF00C0F539</string>
			<key>isa</key>
			<string>PBXBuildFile</string>
		</dict>
		<key>3A864CF11C870C8400C2FD2D</key>
		<dict>
			<key>fileRef</key>
			<string>3A492DC41C57D72E0017209A</string>
			<key>isa</key>
			<string>PBXBuildFile</string>
		</dict>
		<key>3A864CF21C870C8600C2FD2D</key>
		<dict>
			<key>fileRef</key>
			<string>3A492DC61C57D87F0017209A</string>
			<key>isa</key>
			<string>PBXBuildFile</string>
		</dict>
		<key>3A864CF31C870C8900C2FD2D</key>
		<dict>
			<key>fileRef</key>
			<string>3AC7C2AC1C593F61008A4B3F</string>
			<key>isa</key>
			<string>PBXBuildFile</string>
		</dict>
		<key>3A864CF41C870F3700C2FD2D</key>
		<dict>
			<key>fileRef</key>
			<string>3A7B52761B13071700C0F539</string>
			<key>isa</key>
			<string>PBXBuildFile</string>
		</dict>
		<key>3A864CF51C87246300C2FD2D</key>
		<dict>
			<key>fileRef</key>
			<string>3A7B527C1B13073000C0F539</string>
			<key>isa</key>
			<string>PBXBuildFile</string>
		</dict>
		<key>3AB0EE801B120DCD0065C13F</key>
		<dict>
			<key>children</key>
			<array>
				<string>3AB0EE8B1B120DCD0065C13F</string>
				<string>3AB0EEA11B120DCD0065C13F</string>
				<string>3A29EB251BB828B10053207C</string>
				<string>3A29EB341BB828B10053207C</string>
				<string>3AB0EE8A1B120DCD0065C13F</string>
				<string>7CC55380B043D57CB448EED4</string>
				<string>1C2A80240348E9D4C2648A72</string>
			</array>
			<key>isa</key>
			<string>PBXGroup</string>
			<key>sourceTree</key>
			<string>&lt;group&gt;</string>
		</dict>
		<key>3AB0EE811B120DCD0065C13F</key>
		<dict>
			<key>attributes</key>
			<dict>
				<key>LastSwiftUpdateCheck</key>
				<string>0700</string>
				<key>LastUpgradeCheck</key>
				<string>0710</string>
				<key>ORGANIZATIONNAME</key>
				<string>steffendsommer</string>
				<key>TargetAttributes</key>
				<dict>
					<key>3A29EB231BB828B10053207C</key>
					<dict>
						<key>CreatedOnToolsVersion</key>
						<string>7.0</string>
						<key>DevelopmentTeam</key>
						<string>D6T77S259B</string>
					</dict>
					<key>3A29EB2F1BB828B10053207C</key>
					<dict>
						<key>CreatedOnToolsVersion</key>
						<string>7.0</string>
						<key>DevelopmentTeam</key>
						<string>D6T77S259B</string>
					</dict>
					<key>3AB0EE881B120DCD0065C13F</key>
					<dict>
						<key>CreatedOnToolsVersion</key>
						<string>6.3.2</string>
						<key>DevelopmentTeam</key>
						<string>D6T77S259B</string>
						<key>SystemCapabilities</key>
						<dict>
							<key>com.apple.BackgroundModes</key>
							<dict>
								<key>enabled</key>
								<string>1</string>
							</dict>
						</dict>
					</dict>
					<key>3AB0EE9D1B120DCD0065C13F</key>
					<dict>
						<key>CreatedOnToolsVersion</key>
						<string>6.3.2</string>
						<key>TestTargetID</key>
						<string>3AB0EE881B120DCD0065C13F</string>
					</dict>
				</dict>
			</dict>
			<key>buildConfigurationList</key>
			<string>3AB0EE841B120DCD0065C13F</string>
			<key>compatibilityVersion</key>
			<string>Xcode 3.2</string>
			<key>developmentRegion</key>
			<string>English</string>
			<key>hasScannedForEncodings</key>
			<string>0</string>
			<key>isa</key>
			<string>PBXProject</string>
			<key>knownRegions</key>
			<array>
				<string>en</string>
				<string>Base</string>
			</array>
			<key>mainGroup</key>
			<string>3AB0EE801B120DCD0065C13F</string>
			<key>productRefGroup</key>
			<string>3AB0EE8A1B120DCD0065C13F</string>
			<key>projectDirPath</key>
			<string></string>
			<key>projectReferences</key>
			<array/>
			<key>projectRoot</key>
			<string></string>
			<key>targets</key>
			<array>
				<string>3AB0EE881B120DCD0065C13F</string>
				<string>3AB0EE9D1B120DCD0065C13F</string>
				<string>3A29EB231BB828B10053207C</string>
				<string>3A29EB2F1BB828B10053207C</string>
			</array>
		</dict>
		<key>3AB0EE841B120DCD0065C13F</key>
		<dict>
			<key>buildConfigurations</key>
			<array>
				<string>3AB0EEA61B120DCE0065C13F</string>
				<string>3AB0EEA71B120DCE0065C13F</string>
			</array>
			<key>defaultConfigurationIsVisible</key>
			<string>0</string>
			<key>defaultConfigurationName</key>
			<string>Release</string>
			<key>isa</key>
			<string>XCConfigurationList</string>
		</dict>
		<key>3AB0EE851B120DCD0065C13F</key>
		<dict>
			<key>buildActionMask</key>
			<string>2147483647</string>
			<key>files</key>
			<array>
				<string>3A7B52771B13071700C0F539</string>
				<string>3A1C108D1C8B78D200531AD2</string>
				<string>3A7B52731B1306FF00C0F539</string>
				<string>3A7B527D1B13073000C0F539</string>
				<string>3A1C108E1C8B78D200531AD2</string>
				<string>3AB0EE8F1B120DCD0065C13F</string>
				<string>3A492DC51C57D72E0017209A</string>
				<string>3A492DC71C57D87F0017209A</string>
				<string>3A1C108C1C8B78D200531AD2</string>
				<string>3AC7C2AD1C593F61008A4B3F</string>
				<string>3A7B52791B13071D00C0F539</string>
				<string>3A7B527B1B13072900C0F539</string>
			</array>
			<key>isa</key>
			<string>PBXSourcesBuildPhase</string>
			<key>runOnlyForDeploymentPostprocessing</key>
			<string>0</string>
		</dict>
		<key>3AB0EE861B120DCD0065C13F</key>
		<dict>
			<key>buildActionMask</key>
			<string>2147483647</string>
			<key>files</key>
			<array>
				<string>12A568F8B635A1697BE685AE</string>
			</array>
			<key>isa</key>
			<string>PBXFrameworksBuildPhase</string>
			<key>runOnlyForDeploymentPostprocessing</key>
			<string>0</string>
		</dict>
		<key>3AB0EE871B120DCD0065C13F</key>
		<dict>
			<key>buildActionMask</key>
			<string>2147483647</string>
			<key>files</key>
			<array>
				<string>3AB0EE991B120DCD0065C13F</string>
				<string>3AB0EE961B120DCD0065C13F</string>
			</array>
			<key>isa</key>
			<string>PBXResourcesBuildPhase</string>
			<key>runOnlyForDeploymentPostprocessing</key>
			<string>0</string>
		</dict>
		<key>3AB0EE881B120DCD0065C13F</key>
		<dict>
			<key>buildConfigurationList</key>
			<string>3AB0EEA81B120DCE0065C13F</string>
			<key>buildPhases</key>
			<array>
				<string>43BC0392D9260FECDC84ADFE</string>
				<string>3AB0EE851B120DCD0065C13F</string>
				<string>3AB0EE861B120DCD0065C13F</string>
				<string>3AB0EE871B120DCD0065C13F</string>
				<string>3AB0EEC81B120FA30065C13F</string>
				<string>3ABD432A1BE28E1900B13DC8</string>
				<string>3A29EB4E1BB828B10053207C</string>
				<string>4C30295E5797C76CB634963E</string>
				<string>81076C61C4B6F35907573FCA</string>
				<string>1B711F4B339FEB05EDF7ABDD</string>
			</array>
			<key>buildRules</key>
			<array/>
			<key>dependencies</key>
			<array>
				<string>3A29EB451BB828B10053207C</string>
			</array>
			<key>isa</key>
			<string>PBXNativeTarget</string>
			<key>name</key>
			<string>TodaysReactiveMenu</string>
			<key>productName</key>
			<string>TodaysReactiveMenu</string>
			<key>productReference</key>
			<string>3AB0EE891B120DCD0065C13F</string>
			<key>productType</key>
			<string>com.apple.product-type.application</string>
		</dict>
		<key>3AB0EE891B120DCD0065C13F</key>
		<dict>
			<key>explicitFileType</key>
			<string>wrapper.application</string>
			<key>includeInIndex</key>
			<string>0</string>
			<key>isa</key>
			<string>PBXFileReference</string>
			<key>path</key>
			<string>Today's Menu.app</string>
			<key>sourceTree</key>
			<string>BUILT_PRODUCTS_DIR</string>
		</dict>
		<key>3AB0EE8A1B120DCD0065C13F</key>
		<dict>
			<key>children</key>
			<array>
				<string>3AB0EE891B120DCD0065C13F</string>
				<string>3AB0EE9E1B120DCD0065C13F</string>
				<string>3A29EB241BB828B10053207C</string>
				<string>3A29EB301BB828B10053207C</string>
			</array>
			<key>isa</key>
			<string>PBXGroup</string>
			<key>name</key>
			<string>Products</string>
			<key>sourceTree</key>
			<string>&lt;group&gt;</string>
		</dict>
		<key>3AB0EE8B1B120DCD0065C13F</key>
		<dict>
			<key>children</key>
			<array>
				<string>3AB0EEB11B120F840065C13F</string>
				<string>3AB0EEAF1B120F840065C13F</string>
				<string>3AB0EEB31B120F840065C13F</string>
				<string>3AB0EEB21B120F840065C13F</string>
				<string>3AB0EE951B120DCD0065C13F</string>
				<string>3AB0EE971B120DCD0065C13F</string>
				<string>3AB0EE8E1B120DCD0065C13F</string>
				<string>3AB0EE8C1B120DCD0065C13F</string>
			</array>
			<key>isa</key>
			<string>PBXGroup</string>
			<key>path</key>
			<string>TodaysReactiveMenu</string>
			<key>sourceTree</key>
			<string>&lt;group&gt;</string>
		</dict>
		<key>3AB0EE8C1B120DCD0065C13F</key>
		<dict>
			<key>children</key>
			<array>
				<string>3A80207A1B602AD200AED403</string>
				<string>3AB0EE8D1B120DCD0065C13F</string>
			</array>
			<key>isa</key>
			<string>PBXGroup</string>
			<key>name</key>
			<string>Supporting Files</string>
			<key>sourceTree</key>
			<string>&lt;group&gt;</string>
		</dict>
		<key>3AB0EE8D1B120DCD0065C13F</key>
		<dict>
			<key>isa</key>
			<string>PBXFileReference</string>
			<key>lastKnownFileType</key>
			<string>text.plist.xml</string>
			<key>path</key>
			<string>Info.plist</string>
			<key>sourceTree</key>
			<string>&lt;group&gt;</string>
		</dict>
		<key>3AB0EE8E1B120DCD0065C13F</key>
		<dict>
			<key>isa</key>
			<string>PBXFileReference</string>
			<key>lastKnownFileType</key>
			<string>sourcecode.swift</string>
			<key>path</key>
			<string>AppDelegate.swift</string>
			<key>sourceTree</key>
			<string>&lt;group&gt;</string>
		</dict>
		<key>3AB0EE8F1B120DCD0065C13F</key>
		<dict>
			<key>fileRef</key>
			<string>3AB0EE8E1B120DCD0065C13F</string>
			<key>isa</key>
			<string>PBXBuildFile</string>
		</dict>
		<key>3AB0EE951B120DCD0065C13F</key>
		<dict>
			<key>isa</key>
			<string>PBXFileReference</string>
			<key>lastKnownFileType</key>
			<string>folder.assetcatalog</string>
			<key>path</key>
			<string>Images.xcassets</string>
			<key>sourceTree</key>
			<string>&lt;group&gt;</string>
		</dict>
		<key>3AB0EE961B120DCD0065C13F</key>
		<dict>
			<key>fileRef</key>
			<string>3AB0EE951B120DCD0065C13F</string>
			<key>isa</key>
			<string>PBXBuildFile</string>
		</dict>
		<key>3AB0EE971B120DCD0065C13F</key>
		<dict>
			<key>children</key>
			<array>
				<string>3AB0EE981B120DCD0065C13F</string>
			</array>
			<key>isa</key>
			<string>PBXVariantGroup</string>
			<key>name</key>
			<string>LaunchScreen.xib</string>
			<key>sourceTree</key>
			<string>&lt;group&gt;</string>
		</dict>
		<key>3AB0EE981B120DCD0065C13F</key>
		<dict>
			<key>isa</key>
			<string>PBXFileReference</string>
			<key>lastKnownFileType</key>
			<string>file.xib</string>
			<key>name</key>
			<string>Base</string>
			<key>path</key>
			<string>Base.lproj/LaunchScreen.xib</string>
			<key>sourceTree</key>
			<string>&lt;group&gt;</string>
		</dict>
		<key>3AB0EE991B120DCD0065C13F</key>
		<dict>
			<key>fileRef</key>
			<string>3AB0EE971B120DCD0065C13F</string>
			<key>isa</key>
			<string>PBXBuildFile</string>
		</dict>
		<key>3AB0EE9A1B120DCD0065C13F</key>
		<dict>
			<key>buildActionMask</key>
			<string>2147483647</string>
			<key>files</key>
			<array>
				<string>3AB0EEA51B120DCD0065C13F</string>
			</array>
			<key>isa</key>
			<string>PBXSourcesBuildPhase</string>
			<key>runOnlyForDeploymentPostprocessing</key>
			<string>0</string>
		</dict>
		<key>3AB0EE9B1B120DCD0065C13F</key>
		<dict>
			<key>buildActionMask</key>
			<string>2147483647</string>
			<key>files</key>
			<array>
				<string>BAD9FF9CBCBCC7316EA4B11E</string>
			</array>
			<key>isa</key>
			<string>PBXFrameworksBuildPhase</string>
			<key>runOnlyForDeploymentPostprocessing</key>
			<string>0</string>
		</dict>
		<key>3AB0EE9C1B120DCD0065C13F</key>
		<dict>
			<key>buildActionMask</key>
			<string>2147483647</string>
			<key>files</key>
			<array/>
			<key>isa</key>
			<string>PBXResourcesBuildPhase</string>
			<key>runOnlyForDeploymentPostprocessing</key>
			<string>0</string>
		</dict>
		<key>3AB0EE9D1B120DCD0065C13F</key>
		<dict>
			<key>buildConfigurationList</key>
			<string>3AB0EEAB1B120DCE0065C13F</string>
			<key>buildPhases</key>
			<array>
				<string>3B42BFC5024369037121A681</string>
				<string>3AB0EE9A1B120DCD0065C13F</string>
				<string>3AB0EE9B1B120DCD0065C13F</string>
				<string>3AB0EE9C1B120DCD0065C13F</string>
				<string>FC2ED98E03801F253994582D</string>
				<string>AC03AAB7A66AE6E9A882DBA7</string>
			</array>
			<key>buildRules</key>
			<array/>
			<key>dependencies</key>
			<array>
				<string>3AB0EEA01B120DCD0065C13F</string>
			</array>
			<key>isa</key>
			<string>PBXNativeTarget</string>
			<key>name</key>
			<string>TodaysReactiveMenuTests</string>
			<key>productName</key>
			<string>TodaysReactiveMenuTests</string>
			<key>productReference</key>
			<string>3AB0EE9E1B120DCD0065C13F</string>
			<key>productType</key>
			<string>com.apple.product-type.bundle.unit-test</string>
		</dict>
		<key>3AB0EE9E1B120DCD0065C13F</key>
		<dict>
			<key>explicitFileType</key>
			<string>wrapper.cfbundle</string>
			<key>includeInIndex</key>
			<string>0</string>
			<key>isa</key>
			<string>PBXFileReference</string>
			<key>path</key>
			<string>TodaysReactiveMenuTests.xctest</string>
			<key>sourceTree</key>
			<string>BUILT_PRODUCTS_DIR</string>
		</dict>
		<key>3AB0EE9F1B120DCD0065C13F</key>
		<dict>
			<key>containerPortal</key>
			<string>3AB0EE811B120DCD0065C13F</string>
			<key>isa</key>
			<string>PBXContainerItemProxy</string>
			<key>proxyType</key>
			<string>1</string>
			<key>remoteGlobalIDString</key>
			<string>3AB0EE881B120DCD0065C13F</string>
			<key>remoteInfo</key>
			<string>TodaysReactiveMenu</string>
		</dict>
		<key>3AB0EEA01B120DCD0065C13F</key>
		<dict>
			<key>isa</key>
			<string>PBXTargetDependency</string>
			<key>target</key>
			<string>3AB0EE881B120DCD0065C13F</string>
			<key>targetProxy</key>
			<string>3AB0EE9F1B120DCD0065C13F</string>
		</dict>
		<key>3AB0EEA11B120DCD0065C13F</key>
		<dict>
			<key>children</key>
			<array>
				<string>3AB0EEA41B120DCD0065C13F</string>
				<string>3AB0EEA21B120DCD0065C13F</string>
			</array>
			<key>isa</key>
			<string>PBXGroup</string>
			<key>path</key>
			<string>TodaysReactiveMenuTests</string>
			<key>sourceTree</key>
			<string>&lt;group&gt;</string>
		</dict>
		<key>3AB0EEA21B120DCD0065C13F</key>
		<dict>
			<key>children</key>
			<array>
				<string>3AB0EEA31B120DCD0065C13F</string>
			</array>
			<key>isa</key>
			<string>PBXGroup</string>
			<key>name</key>
			<string>Supporting Files</string>
			<key>sourceTree</key>
			<string>&lt;group&gt;</string>
		</dict>
		<key>3AB0EEA31B120DCD0065C13F</key>
		<dict>
			<key>isa</key>
			<string>PBXFileReference</string>
			<key>lastKnownFileType</key>
			<string>text.plist.xml</string>
			<key>path</key>
			<string>Info.plist</string>
			<key>sourceTree</key>
			<string>&lt;group&gt;</string>
		</dict>
		<key>3AB0EEA41B120DCD0065C13F</key>
		<dict>
			<key>isa</key>
			<string>PBXFileReference</string>
			<key>lastKnownFileType</key>
			<string>sourcecode.swift</string>
			<key>path</key>
			<string>TodaysReactiveMenuTests.swift</string>
			<key>sourceTree</key>
			<string>&lt;group&gt;</string>
		</dict>
		<key>3AB0EEA51B120DCD0065C13F</key>
		<dict>
			<key>fileRef</key>
			<string>3AB0EEA41B120DCD0065C13F</string>
			<key>isa</key>
			<string>PBXBuildFile</string>
		</dict>
		<key>3AB0EEA61B120DCE0065C13F</key>
		<dict>
			<key>buildSettings</key>
			<dict>
				<key>ALWAYS_SEARCH_USER_PATHS</key>
				<string>NO</string>
				<key>CLANG_CXX_LANGUAGE_STANDARD</key>
				<string>gnu++0x</string>
				<key>CLANG_CXX_LIBRARY</key>
				<string>libc++</string>
				<key>CLANG_ENABLE_MODULES</key>
				<string>YES</string>
				<key>CLANG_ENABLE_OBJC_ARC</key>
				<string>YES</string>
				<key>CLANG_WARN_BOOL_CONVERSION</key>
				<string>YES</string>
				<key>CLANG_WARN_CONSTANT_CONVERSION</key>
				<string>YES</string>
				<key>CLANG_WARN_DIRECT_OBJC_ISA_USAGE</key>
				<string>YES_ERROR</string>
				<key>CLANG_WARN_EMPTY_BODY</key>
				<string>YES</string>
				<key>CLANG_WARN_ENUM_CONVERSION</key>
				<string>YES</string>
				<key>CLANG_WARN_INT_CONVERSION</key>
				<string>YES</string>
				<key>CLANG_WARN_OBJC_ROOT_CLASS</key>
				<string>YES_ERROR</string>
				<key>CLANG_WARN_UNREACHABLE_CODE</key>
				<string>YES</string>
				<key>CLANG_WARN__DUPLICATE_METHOD_MATCH</key>
				<string>YES</string>
				<key>CODE_SIGN_IDENTITY</key>
				<string>iPhone Developer: Steffen Sommer (788969GZZY)</string>
				<key>COPY_PHASE_STRIP</key>
				<string>NO</string>
				<key>DEBUG_INFORMATION_FORMAT</key>
				<string>dwarf-with-dsym</string>
				<key>EMBEDDED_CONTENT_CONTAINS_SWIFT</key>
				<string>YES</string>
				<key>ENABLE_STRICT_OBJC_MSGSEND</key>
				<string>YES</string>
				<key>ENABLE_TESTABILITY</key>
				<string>YES</string>
				<key>GCC_C_LANGUAGE_STANDARD</key>
				<string>gnu99</string>
				<key>GCC_DYNAMIC_NO_PIC</key>
				<string>NO</string>
				<key>GCC_NO_COMMON_BLOCKS</key>
				<string>YES</string>
				<key>GCC_OPTIMIZATION_LEVEL</key>
				<string>0</string>
				<key>GCC_PREPROCESSOR_DEFINITIONS</key>
				<array>
					<string>DEBUG=1</string>
					<string>$(inherited)</string>
				</array>
				<key>GCC_SYMBOLS_PRIVATE_EXTERN</key>
				<string>NO</string>
				<key>GCC_WARN_64_TO_32_BIT_CONVERSION</key>
				<string>YES</string>
				<key>GCC_WARN_ABOUT_RETURN_TYPE</key>
				<string>YES_ERROR</string>
				<key>GCC_WARN_UNDECLARED_SELECTOR</key>
				<string>YES</string>
				<key>GCC_WARN_UNINITIALIZED_AUTOS</key>
				<string>YES_AGGRESSIVE</string>
				<key>GCC_WARN_UNUSED_FUNCTION</key>
				<string>YES</string>
				<key>GCC_WARN_UNUSED_VARIABLE</key>
				<string>YES</string>
				<key>IPHONEOS_DEPLOYMENT_TARGET</key>
				<string>8.3</string>
				<key>MTL_ENABLE_DEBUG_INFO</key>
				<string>YES</string>
				<key>ONLY_ACTIVE_ARCH</key>
				<string>YES</string>
				<key>PROVISIONING_PROFILE</key>
				<string>9bcbc886-23c6-4451-85da-21c00d2217ae</string>
				<key>SDKROOT</key>
				<string>iphoneos</string>
				<key>SWIFT_OPTIMIZATION_LEVEL</key>
				<string>-Onone</string>
				<key>TARGETED_DEVICE_FAMILY</key>
				<string>1,2</string>
			</dict>
			<key>isa</key>
			<string>XCBuildConfiguration</string>
			<key>name</key>
			<string>Debug</string>
		</dict>
		<key>3AB0EEA71B120DCE0065C13F</key>
		<dict>
			<key>buildSettings</key>
			<dict>
				<key>ALWAYS_SEARCH_USER_PATHS</key>
				<string>NO</string>
				<key>CLANG_CXX_LANGUAGE_STANDARD</key>
				<string>gnu++0x</string>
				<key>CLANG_CXX_LIBRARY</key>
				<string>libc++</string>
				<key>CLANG_ENABLE_MODULES</key>
				<string>YES</string>
				<key>CLANG_ENABLE_OBJC_ARC</key>
				<string>YES</string>
				<key>CLANG_WARN_BOOL_CONVERSION</key>
				<string>YES</string>
				<key>CLANG_WARN_CONSTANT_CONVERSION</key>
				<string>YES</string>
				<key>CLANG_WARN_DIRECT_OBJC_ISA_USAGE</key>
				<string>YES_ERROR</string>
				<key>CLANG_WARN_EMPTY_BODY</key>
				<string>YES</string>
				<key>CLANG_WARN_ENUM_CONVERSION</key>
				<string>YES</string>
				<key>CLANG_WARN_INT_CONVERSION</key>
				<string>YES</string>
				<key>CLANG_WARN_OBJC_ROOT_CLASS</key>
				<string>YES_ERROR</string>
				<key>CLANG_WARN_UNREACHABLE_CODE</key>
				<string>YES</string>
				<key>CLANG_WARN__DUPLICATE_METHOD_MATCH</key>
				<string>YES</string>
				<key>CODE_SIGN_IDENTITY</key>
				<string>iPhone Distribution: Steffen Damtoft Sommer (D6T77S259B)</string>
				<key>COPY_PHASE_STRIP</key>
				<string>NO</string>
				<key>DEBUG_INFORMATION_FORMAT</key>
				<string>dwarf-with-dsym</string>
				<key>EMBEDDED_CONTENT_CONTAINS_SWIFT</key>
				<string>YES</string>
				<key>ENABLE_NS_ASSERTIONS</key>
				<string>NO</string>
				<key>ENABLE_STRICT_OBJC_MSGSEND</key>
				<string>YES</string>
				<key>GCC_C_LANGUAGE_STANDARD</key>
				<string>gnu99</string>
				<key>GCC_NO_COMMON_BLOCKS</key>
				<string>YES</string>
				<key>GCC_WARN_64_TO_32_BIT_CONVERSION</key>
				<string>YES</string>
				<key>GCC_WARN_ABOUT_RETURN_TYPE</key>
				<string>YES_ERROR</string>
				<key>GCC_WARN_UNDECLARED_SELECTOR</key>
				<string>YES</string>
				<key>GCC_WARN_UNINITIALIZED_AUTOS</key>
				<string>YES_AGGRESSIVE</string>
				<key>GCC_WARN_UNUSED_FUNCTION</key>
				<string>YES</string>
				<key>GCC_WARN_UNUSED_VARIABLE</key>
				<string>YES</string>
				<key>IPHONEOS_DEPLOYMENT_TARGET</key>
				<string>8.3</string>
				<key>MTL_ENABLE_DEBUG_INFO</key>
				<string>NO</string>
				<key>PROVISIONING_PROFILE</key>
				<string>caf990c4-fa6a-4b62-93f8-92ebf4bdcdb6</string>
				<key>SDKROOT</key>
				<string>iphoneos</string>
				<key>TARGETED_DEVICE_FAMILY</key>
				<string>1,2</string>
				<key>VALIDATE_PRODUCT</key>
				<string>YES</string>
			</dict>
			<key>isa</key>
			<string>XCBuildConfiguration</string>
			<key>name</key>
			<string>Release</string>
		</dict>
		<key>3AB0EEA81B120DCE0065C13F</key>
		<dict>
			<key>buildConfigurations</key>
			<array>
				<string>3AB0EEA91B120DCE0065C13F</string>
				<string>3AB0EEAA1B120DCE0065C13F</string>
			</array>
			<key>defaultConfigurationIsVisible</key>
			<string>0</string>
			<key>defaultConfigurationName</key>
			<string>Release</string>
			<key>isa</key>
			<string>XCConfigurationList</string>
		</dict>
		<key>3AB0EEA91B120DCE0065C13F</key>
		<dict>
			<key>baseConfigurationReference</key>
			<string>76E50835A2D7EAD2D484B6B9</string>
			<key>buildSettings</key>
			<dict>
				<key>ALWAYS_SEARCH_USER_PATHS</key>
				<string>NO</string>
				<key>ASSETCATALOG_COMPILER_APPICON_NAME</key>
				<string>AppIcon</string>
				<key>FRAMEWORK_SEARCH_PATHS</key>
				<string>$(inherited)</string>
				<key>INFOPLIST_FILE</key>
				<string>TodaysReactiveMenu/Info.plist</string>
				<key>IPHONEOS_DEPLOYMENT_TARGET</key>
				<string>9.0</string>
				<key>LD_RUNPATH_SEARCH_PATHS</key>
				<string>$(inherited) @executable_path/Frameworks</string>
				<key>OTHER_SWIFT_FLAGS</key>
				<string>$(inherited) "-D" "COCOAPODS" -D DEBUG</string>
				<key>PRODUCT_BUNDLE_IDENTIFIER</key>
				<string>com.steffendsommer.todaysmenu</string>
				<key>PRODUCT_NAME</key>
				<string>Today's Menu</string>
				<key>SWIFT_OBJC_BRIDGING_HEADER</key>
				<string></string>
				<key>TARGETED_DEVICE_FAMILY</key>
				<string>1</string>
				<key>USER_HEADER_SEARCH_PATHS</key>
				<string>$(SRCROOT)/Pods/Google/** $(SRCROOT)/Pods/GoogleAnalytics/** $(SRCROOT)/Pods/GoogleCloudMessaging/** $(SRCROOT)/Pods/GGLInstanceID/**</string>
			</dict>
			<key>isa</key>
			<string>XCBuildConfiguration</string>
			<key>name</key>
			<string>Debug</string>
		</dict>
		<key>3AB0EEAA1B120DCE0065C13F</key>
		<dict>
			<key>baseConfigurationReference</key>
			<string>A287D09469B530489AA8C942</string>
			<key>buildSettings</key>
			<dict>
				<key>ALWAYS_SEARCH_USER_PATHS</key>
				<string>NO</string>
				<key>ASSETCATALOG_COMPILER_APPICON_NAME</key>
				<string>AppIcon</string>
				<key>FRAMEWORK_SEARCH_PATHS</key>
				<string>$(inherited)</string>
				<key>INFOPLIST_FILE</key>
				<string>TodaysReactiveMenu/Info.plist</string>
				<key>IPHONEOS_DEPLOYMENT_TARGET</key>
				<string>9.0</string>
				<key>LD_RUNPATH_SEARCH_PATHS</key>
				<string>$(inherited) @executable_path/Frameworks</string>
				<key>OTHER_SWIFT_FLAGS</key>
				<string>$(inherited) "-D" "COCOAPODS"</string>
				<key>PRODUCT_BUNDLE_IDENTIFIER</key>
				<string>com.steffendsommer.todaysmenu</string>
				<key>PRODUCT_NAME</key>
				<string>Today's Menu</string>
				<key>SWIFT_OBJC_BRIDGING_HEADER</key>
				<string></string>
				<key>TARGETED_DEVICE_FAMILY</key>
				<string>1</string>
				<key>USER_HEADER_SEARCH_PATHS</key>
				<string>$(SRCROOT)/Pods/Google/** $(SRCROOT)/Pods/GoogleAnalytics/** $(SRCROOT)/Pods/GoogleCloudMessaging/** $(SRCROOT)/Pods/GGLInstanceID/**</string>
			</dict>
			<key>isa</key>
			<string>XCBuildConfiguration</string>
			<key>name</key>
			<string>Release</string>
		</dict>
		<key>3AB0EEAB1B120DCE0065C13F</key>
		<dict>
			<key>buildConfigurations</key>
			<array>
				<string>3AB0EEAC1B120DCE0065C13F</string>
				<string>3AB0EEAD1B120DCE0065C13F</string>
			</array>
			<key>defaultConfigurationIsVisible</key>
			<string>0</string>
			<key>defaultConfigurationName</key>
			<string>Release</string>
			<key>isa</key>
			<string>XCConfigurationList</string>
		</dict>
		<key>3AB0EEAC1B120DCE0065C13F</key>
		<dict>
			<key>baseConfigurationReference</key>
			<string>0755574AD05658E20005556B</string>
			<key>buildSettings</key>
			<dict>
				<key>BUNDLE_LOADER</key>
				<string>$(TEST_HOST)</string>
				<key>FRAMEWORK_SEARCH_PATHS</key>
				<string></string>
				<key>GCC_PREPROCESSOR_DEFINITIONS</key>
				<array>
					<string>DEBUG=1</string>
					<string>$(inherited)</string>
				</array>
				<key>INFOPLIST_FILE</key>
				<string>TodaysReactiveMenuTests/Info.plist</string>
				<key>LD_RUNPATH_SEARCH_PATHS</key>
				<string>$(inherited) @executable_path/Frameworks @loader_path/Frameworks</string>
				<key>PRODUCT_BUNDLE_IDENTIFIER</key>
				<string>com.steffendsommer.$(PRODUCT_NAME:rfc1034identifier)</string>
				<key>PRODUCT_NAME</key>
				<string>$(TARGET_NAME)</string>
			</dict>
			<key>isa</key>
			<string>XCBuildConfiguration</string>
			<key>name</key>
			<string>Debug</string>
		</dict>
		<key>3AB0EEAD1B120DCE0065C13F</key>
		<dict>
			<key>baseConfigurationReference</key>
			<string>8892BC2FA7963AD3863C4869</string>
			<key>buildSettings</key>
			<dict>
				<key>BUNDLE_LOADER</key>
				<string>$(TEST_HOST)</string>
				<key>FRAMEWORK_SEARCH_PATHS</key>
				<string></string>
				<key>INFOPLIST_FILE</key>
				<string>TodaysReactiveMenuTests/Info.plist</string>
				<key>LD_RUNPATH_SEARCH_PATHS</key>
				<string>$(inherited) @executable_path/Frameworks @loader_path/Frameworks</string>
				<key>PRODUCT_BUNDLE_IDENTIFIER</key>
				<string>com.steffendsommer.$(PRODUCT_NAME:rfc1034identifier)</string>
				<key>PRODUCT_NAME</key>
				<string>$(TARGET_NAME)</string>
			</dict>
			<key>isa</key>
			<string>XCBuildConfiguration</string>
			<key>name</key>
			<string>Release</string>
		</dict>
		<key>3AB0EEAF1B120F840065C13F</key>
		<dict>
			<key>children</key>
			<array>
				<string>3A7B52721B1306FF00C0F539</string>
				<string>3A492DC41C57D72E0017209A</string>
				<string>3A492DC61C57D87F0017209A</string>
				<string>3AC7C2AC1C593F61008A4B3F</string>
			</array>
			<key>isa</key>
			<string>PBXGroup</string>
			<key>path</key>
			<string>Model</string>
			<key>sourceTree</key>
			<string>&lt;group&gt;</string>
		</dict>
		<key>3AB0EEB11B120F840065C13F</key>
		<dict>
			<key>children</key>
			<array>
				<string>3A1C10871C8B78D200531AD2</string>
				<string>3A7B52761B13071700C0F539</string>
				<string>3A7B52781B13071D00C0F539</string>
			</array>
			<key>isa</key>
			<string>PBXGroup</string>
			<key>path</key>
			<string>Util</string>
			<key>sourceTree</key>
			<string>&lt;group&gt;</string>
		</dict>
		<key>3AB0EEB21B120F840065C13F</key>
		<dict>
			<key>children</key>
			<array>
				<string>3A7B527A1B13072900C0F539</string>
			</array>
			<key>isa</key>
			<string>PBXGroup</string>
			<key>path</key>
			<string>View</string>
			<key>sourceTree</key>
			<string>&lt;group&gt;</string>
		</dict>
		<key>3AB0EEB31B120F840065C13F</key>
		<dict>
			<key>children</key>
			<array>
				<string>3A7B527C1B13073000C0F539</string>
			</array>
			<key>isa</key>
			<string>PBXGroup</string>
			<key>path</key>
			<string>ViewModel</string>
			<key>sourceTree</key>
			<string>&lt;group&gt;</string>
		</dict>
		<key>3AB0EEC81B120FA30065C13F</key>
		<dict>
			<key>buildActionMask</key>
			<string>2147483647</string>
			<key>dstPath</key>
			<string></string>
			<key>dstSubfolderSpec</key>
			<string>10</string>
			<key>files</key>
			<array/>
			<key>isa</key>
			<string>PBXCopyFilesBuildPhase</string>
			<key>name</key>
			<string>Embed Frameworks</string>
			<key>runOnlyForDeploymentPostprocessing</key>
			<string>0</string>
		</dict>
		<key>3ABD432A1BE28E1900B13DC8</key>
		<dict>
			<key>buildActionMask</key>
			<string>12</string>
			<key>files</key>
			<array/>
			<key>inputPaths</key>
			<array/>
			<key>isa</key>
			<string>PBXShellScriptBuildPhase</string>
			<key>name</key>
			<string>Fabric</string>
			<key>outputPaths</key>
			<array/>
			<key>runOnlyForDeploymentPostprocessing</key>
			<string>0</string>
			<key>shellPath</key>
			<string>/bin/sh</string>
			<key>shellScript</key>
			<string>${PODS_ROOT}/Fabric/run 5f095c6cf69ef78431ca2b6d3acb22046943d86c 11eb32ecf282167f8f9da27a7c86c7df1529606c7847150cf5fa0138133cf88e</string>
			<key>showEnvVarsInLog</key>
			<string>0</string>
		</dict>
		<key>3AC7C2AC1C593F61008A4B3F</key>
		<dict>
			<key>fileEncoding</key>
			<string>4</string>
			<key>isa</key>
			<string>PBXFileReference</string>
			<key>lastKnownFileType</key>
			<string>sourcecode.swift</string>
			<key>path</key>
			<string>RemoteResource.swift</string>
			<key>sourceTree</key>
			<string>&lt;group&gt;</string>
		</dict>
		<key>3AC7C2AD1C593F61008A4B3F</key>
		<dict>
			<key>fileRef</key>
			<string>3AC7C2AC1C593F61008A4B3F</string>
			<key>isa</key>
			<string>PBXBuildFile</string>
		</dict>
		<key>3B42BFC5024369037121A681</key>
		<dict>
			<key>buildActionMask</key>
			<string>2147483647</string>
			<key>files</key>
			<array/>
			<key>inputPaths</key>
			<array/>
			<key>isa</key>
			<string>PBXShellScriptBuildPhase</string>
			<key>name</key>
			<string>&#128230; Check Pods Manifest.lock</string>
			<key>outputPaths</key>
			<array/>
			<key>runOnlyForDeploymentPostprocessing</key>
			<string>0</string>
			<key>shellPath</key>
			<string>/bin/sh</string>
			<key>shellScript</key>
			<string>diff "${PODS_ROOT}/../Podfile.lock" "${PODS_ROOT}/Manifest.lock" &gt; /dev/null
if [[ $? != 0 ]] ; then
    cat &lt;&lt; EOM
error: The sandbox is not in sync with the Podfile.lock. Run 'pod install' or update your CocoaPods installation.
EOM
    exit 1
fi
</string>
			<key>showEnvVarsInLog</key>
			<string>0</string>
		</dict>
		<key>3BBD6223E0A187D97B9C3D5C</key>
		<dict>
			<key>buildActionMask</key>
			<string>2147483647</string>
			<key>files</key>
			<array/>
			<key>isa</key>
			<string>PBXFrameworksBuildPhase</string>
			<key>runOnlyForDeploymentPostprocessing</key>
			<string>0</string>
		</dict>
		<key>43BC0392D9260FECDC84ADFE</key>
		<dict>
			<key>buildActionMask</key>
			<string>2147483647</string>
			<key>files</key>
			<array/>
			<key>inputPaths</key>
			<array/>
			<key>isa</key>
			<string>PBXShellScriptBuildPhase</string>
			<key>name</key>
			<string>&#128230; Check Pods Manifest.lock</string>
			<key>outputPaths</key>
			<array/>
			<key>runOnlyForDeploymentPostprocessing</key>
			<string>0</string>
			<key>shellPath</key>
			<string>/bin/sh</string>
			<key>shellScript</key>
			<string>diff "${PODS_ROOT}/../Podfile.lock" "${PODS_ROOT}/Manifest.lock" &gt; /dev/null
if [[ $? != 0 ]] ; then
    cat &lt;&lt; EOM
error: The sandbox is not in sync with the Podfile.lock. Run 'pod install' or update your CocoaPods installation.
EOM
    exit 1
fi
</string>
			<key>showEnvVarsInLog</key>
			<string>0</string>
		</dict>
		<key>4A6C3F26C303000A9AA47209</key>
		<dict>
			<key>buildActionMask</key>
			<string>2147483647</string>
			<key>files</key>
			<array/>
			<key>inputPaths</key>
			<array/>
			<key>isa</key>
			<string>PBXShellScriptBuildPhase</string>
			<key>name</key>
			<string>&#128230; Copy Pods Resources</string>
			<key>outputPaths</key>
			<array/>
			<key>runOnlyForDeploymentPostprocessing</key>
			<string>0</string>
			<key>shellPath</key>
			<string>/bin/sh</string>
			<key>shellScript</key>
			<string>"${SRCROOT}/Pods/Target Support Files/Pods-TodaysReactiveMenuWatch Extension/Pods-TodaysReactiveMenuWatch Extension-resources.sh"
</string>
			<key>showEnvVarsInLog</key>
			<string>0</string>
		</dict>
		<key>4C30295E5797C76CB634963E</key>
		<dict>
			<key>buildActionMask</key>
			<string>2147483647</string>
			<key>files</key>
			<array/>
			<key>inputPaths</key>
			<array/>
			<key>isa</key>
			<string>PBXShellScriptBuildPhase</string>
			<key>name</key>
			<string>&#128230; Embed Pods Frameworks</string>
			<key>outputPaths</key>
			<array/>
			<key>runOnlyForDeploymentPostprocessing</key>
			<string>0</string>
			<key>shellPath</key>
			<string>/bin/sh</string>
			<key>shellScript</key>
			<string>"${SRCROOT}/Pods/Target Support Files/Pods-TodaysReactiveMenu/Pods-TodaysReactiveMenu-frameworks.sh"
</string>
			<key>showEnvVarsInLog</key>
			<string>0</string>
		</dict>
		<key>6EB347426B3C99439B8B6184</key>
		<dict>
			<key>explicitFileType</key>
			<string>wrapper.framework</string>
			<key>includeInIndex</key>
			<string>0</string>
			<key>isa</key>
			<string>PBXFileReference</string>
			<key>path</key>
			<string>Pods_TodaysReactiveMenuWatch_Extension.framework</string>
			<key>sourceTree</key>
			<string>BUILT_PRODUCTS_DIR</string>
		</dict>
		<key>76E50835A2D7EAD2D484B6B9</key>
		<dict>
			<key>includeInIndex</key>
			<string>1</string>
			<key>isa</key>
			<string>PBXFileReference</string>
			<key>lastKnownFileType</key>
			<string>text.xcconfig</string>
			<key>name</key>
			<string>Pods-TodaysReactiveMenu.debug.xcconfig</string>
			<key>path</key>
			<string>Pods/Target Support Files/Pods-TodaysReactiveMenu/Pods-TodaysReactiveMenu.debug.xcconfig</string>
			<key>sourceTree</key>
			<string>&lt;group&gt;</string>
		</dict>
		<key>7CC55380B043D57CB448EED4</key>
		<dict>
			<key>children</key>
			<array>
				<string>76E50835A2D7EAD2D484B6B9</string>
				<string>A287D09469B530489AA8C942</string>
				<string>0755574AD05658E20005556B</string>
				<string>8892BC2FA7963AD3863C4869</string>
				<string>800AF2DE8E5BD84BC1D9B961</string>
				<string>F3DCE96E18A6378F868CE4CC</string>
			</array>
			<key>isa</key>
			<string>PBXGroup</string>
			<key>name</key>
			<string>Pods</string>
			<key>sourceTree</key>
			<string>&lt;group&gt;</string>
		</dict>
		<key>800AF2DE8E5BD84BC1D9B961</key>
		<dict>
			<key>includeInIndex</key>
			<string>1</string>
			<key>isa</key>
			<string>PBXFileReference</string>
			<key>lastKnownFileType</key>
			<string>text.xcconfig</string>
			<key>name</key>
			<string>Pods-TodaysReactiveMenuWatch Extension.debug.xcconfig</string>
			<key>path</key>
			<string>Pods/Target Support Files/Pods-TodaysReactiveMenuWatch Extension/Pods-TodaysReactiveMenuWatch Extension.debug.xcconfig</string>
			<key>sourceTree</key>
			<string>&lt;group&gt;</string>
		</dict>
		<key>81076C61C4B6F35907573FCA</key>
		<dict>
			<key>buildActionMask</key>
			<string>2147483647</string>
			<key>files</key>
			<array/>
			<key>inputPaths</key>
			<array/>
			<key>isa</key>
			<string>PBXShellScriptBuildPhase</string>
			<key>name</key>
			<string>&#128230; Copy Pods Resources</string>
			<key>outputPaths</key>
			<array/>
			<key>runOnlyForDeploymentPostprocessing</key>
			<string>0</string>
			<key>shellPath</key>
			<string>/bin/sh</string>
			<key>shellScript</key>
			<string>"${SRCROOT}/Pods/Target Support Files/Pods-TodaysReactiveMenu/Pods-TodaysReactiveMenu-resources.sh"
</string>
			<key>showEnvVarsInLog</key>
			<string>0</string>
		</dict>
		<key>8892BC2FA7963AD3863C4869</key>
		<dict>
			<key>includeInIndex</key>
			<string>1</string>
			<key>isa</key>
			<string>PBXFileReference</string>
			<key>lastKnownFileType</key>
			<string>text.xcconfig</string>
			<key>name</key>
			<string>Pods-TodaysReactiveMenuTests.release.xcconfig</string>
			<key>path</key>
			<string>Pods/Target Support Files/Pods-TodaysReactiveMenuTests/Pods-TodaysReactiveMenuTests.release.xcconfig</string>
			<key>sourceTree</key>
			<string>&lt;group&gt;</string>
		</dict>
		<key>A287D09469B530489AA8C942</key>
		<dict>
			<key>includeInIndex</key>
			<string>1</string>
			<key>isa</key>
			<string>PBXFileReference</string>
			<key>lastKnownFileType</key>
			<string>text.xcconfig</string>
			<key>name</key>
			<string>Pods-TodaysReactiveMenu.release.xcconfig</string>
			<key>path</key>
			<string>Pods/Target Support Files/Pods-TodaysReactiveMenu/Pods-TodaysReactiveMenu.release.xcconfig</string>
			<key>sourceTree</key>
			<string>&lt;group&gt;</string>
		</dict>
		<key>A32F65A1EEE577165C150595</key>
		<dict>
			<key>buildActionMask</key>
			<string>2147483647</string>
			<key>files</key>
			<array/>
			<key>inputPaths</key>
			<array/>
			<key>isa</key>
			<string>PBXShellScriptBuildPhase</string>
			<key>name</key>
			<string>&#128230; Check Pods Manifest.lock</string>
			<key>outputPaths</key>
			<array/>
			<key>runOnlyForDeploymentPostprocessing</key>
			<string>0</string>
			<key>shellPath</key>
			<string>/bin/sh</string>
			<key>shellScript</key>
			<string>diff "${PODS_ROOT}/../Podfile.lock" "${PODS_ROOT}/Manifest.lock" &gt; /dev/null
if [[ $? != 0 ]] ; then
    cat &lt;&lt; EOM
error: The sandbox is not in sync with the Podfile.lock. Run 'pod install' or update your CocoaPods installation.
EOM
    exit 1
fi
</string>
			<key>showEnvVarsInLog</key>
			<string>0</string>
		</dict>
		<key>A639FF0B2F96832870EE0D2A</key>
		<dict>
			<key>explicitFileType</key>
			<string>wrapper.framework</string>
			<key>includeInIndex</key>
			<string>0</string>
			<key>isa</key>
			<string>PBXFileReference</string>
			<key>path</key>
			<string>Pods_TodaysReactiveMenuTests.framework</string>
			<key>sourceTree</key>
			<string>BUILT_PRODUCTS_DIR</string>
		</dict>
		<key>AC03AAB7A66AE6E9A882DBA7</key>
		<dict>
			<key>buildActionMask</key>
			<string>2147483647</string>
			<key>files</key>
			<array/>
			<key>inputPaths</key>
			<array/>
			<key>isa</key>
			<string>PBXShellScriptBuildPhase</string>
			<key>name</key>
			<string>&#128230; Copy Pods Resources</string>
			<key>outputPaths</key>
			<array/>
			<key>runOnlyForDeploymentPostprocessing</key>
			<string>0</string>
			<key>shellPath</key>
			<string>/bin/sh</string>
			<key>shellScript</key>
			<string>"${SRCROOT}/Pods/Target Support Files/Pods-TodaysReactiveMenuTests/Pods-TodaysReactiveMenuTests-resources.sh"
</string>
			<key>showEnvVarsInLog</key>
			<string>0</string>
		</dict>
		<key>BAD9FF9CBCBCC7316EA4B11E</key>
		<dict>
			<key>fileRef</key>
			<string>A639FF0B2F96832870EE0D2A</string>
			<key>isa</key>
			<string>PBXBuildFile</string>
		</dict>
		<key>F3DCE96E18A6378F868CE4CC</key>
		<dict>
			<key>includeInIndex</key>
			<string>1</string>
			<key>isa</key>
			<string>PBXFileReference</string>
			<key>lastKnownFileType</key>
			<string>text.xcconfig</string>
			<key>name</key>
			<string>Pods-TodaysReactiveMenuWatch Extension.release.xcconfig</string>
			<key>path</key>
			<string>Pods/Target Support Files/Pods-TodaysReactiveMenuWatch Extension/Pods-TodaysReactiveMenuWatch Extension.release.xcconfig</string>
			<key>sourceTree</key>
			<string>&lt;group&gt;</string>
		</dict>
		<key>FC2ED98E03801F253994582D</key>
		<dict>
			<key>buildActionMask</key>
			<string>2147483647</string>
			<key>files</key>
			<array/>
			<key>inputPaths</key>
			<array/>
			<key>isa</key>
			<string>PBXShellScriptBuildPhase</string>
			<key>name</key>
			<string>&#128230; Embed Pods Frameworks</string>
			<key>outputPaths</key>
			<array/>
			<key>runOnlyForDeploymentPostprocessing</key>
			<string>0</string>
			<key>shellPath</key>
			<string>/bin/sh</string>
			<key>shellScript</key>
			<string>"${SRCROOT}/Pods/Target Support Files/Pods-TodaysReactiveMenuTests/Pods-TodaysReactiveMenuTests-frameworks.sh"
</string>
			<key>showEnvVarsInLog</key>
			<string>0</string>
		</dict>
	</dict>
	<key>rootObject</key>
	<string>3AB0EE811B120DCD0065C13F</string>
</dict>
</plist>
