// !$*UTF8*$!
{
	archiveVersion = 1;
	classes = {
	};
	objectVersion = 46;
	objects = {

/* Begin PBXBuildFile section */
		920B982D1D476C5B0083A4DE /* AppDelegate.swift in Sources */ = {isa = PBXBuildFile; fileRef = 920B982C1D476C5B0083A4DE /* AppDelegate.swift */; };
		920B982F1D476C5B0083A4DE /* ViewController.swift in Sources */ = {isa = PBXBuildFile; fileRef = 920B982E1D476C5B0083A4DE /* ViewController.swift */; };
		920B98321D476C5B0083A4DE /* Main.storyboard in Resources */ = {isa = PBXBuildFile; fileRef = 920B98301D476C5B0083A4DE /* Main.storyboard */; };
		920B98341D476C5B0083A4DE /* Assets.xcassets in Resources */ = {isa = PBXBuildFile; fileRef = 920B98331D476C5B0083A4DE /* Assets.xcassets */; };
		920B98371D476C5B0083A4DE /* LaunchScreen.storyboard in Resources */ = {isa = PBXBuildFile; fileRef = 920B98351D476C5B0083A4DE /* LaunchScreen.storyboard */; };
		924953261D48620B00C8F3B5 /* XCLabel.swift in Sources */ = {isa = PBXBuildFile; fileRef = 924953251D48620B00C8F3B5 /* XCLabel.swift */; };
		924953281D48893C00C8F3B5 /* XCPerson.swift in Sources */ = {isa = PBXBuildFile; fileRef = 924953271D48893C00C8F3B5 /* XCPerson.swift */; };
/* End PBXBuildFile section */

/* Begin PBXFileReference section */
		920B98291D476C5A0083A4DE /* SwiftWeibo.app */ = {isa = PBXFileReference; explicitFileType = wrapper.application; includeInIndex = 0; path = SwiftWeibo.app; sourceTree = BUILT_PRODUCTS_DIR; };
		920B982C1D476C5B0083A4DE /* AppDelegate.swift */ = {isa = PBXFileReference; lastKnownFileType = sourcecode.swift; path = AppDelegate.swift; sourceTree = "<group>"; };
		920B982E1D476C5B0083A4DE /* ViewController.swift */ = {isa = PBXFileReference; lastKnownFileType = sourcecode.swift; path = ViewController.swift; sourceTree = "<group>"; };
		920B98311D476C5B0083A4DE /* Base */ = {isa = PBXFileReference; lastKnownFileType = file.storyboard; name = Base; path = Base.lproj/Main.storyboard; sourceTree = "<group>"; };
		920B98331D476C5B0083A4DE /* Assets.xcassets */ = {isa = PBXFileReference; lastKnownFileType = folder.assetcatalog; path = Assets.xcassets; sourceTree = "<group>"; };
		920B98361D476C5B0083A4DE /* Base */ = {isa = PBXFileReference; lastKnownFileType = file.storyboard; name = Base; path = Base.lproj/LaunchScreen.storyboard; sourceTree = "<group>"; };
		920B98381D476C5B0083A4DE /* Info.plist */ = {isa = PBXFileReference; lastKnownFileType = text.plist.xml; path = Info.plist; sourceTree = "<group>"; };
		924953251D48620B00C8F3B5 /* XCLabel.swift */ = {isa = PBXFileReference; fileEncoding = 4; lastKnownFileType = sourcecode.swift; path = XCLabel.swift; sourceTree = "<group>"; };
		924953271D48893C00C8F3B5 /* XCPerson.swift */ = {isa = PBXFileReference; fileEncoding = 4; lastKnownFileType = sourcecode.swift; path = XCPerson.swift; sourceTree = "<group>"; };
/* End PBXFileReference section */

/* Begin PBXFrameworksBuildPhase section */
		920B98261D476C5A0083A4DE /* Frameworks */ = {
			isa = PBXFrameworksBuildPhase;
			buildActionMask = 2147483647;
			files = (
			);
			runOnlyForDeploymentPostprocessing = 0;
		};
/* End PBXFrameworksBuildPhase section */

/* Begin PBXGroup section */
		920B98201D476C5A0083A4DE = {
			isa = PBXGroup;
			children = (
				920B982B1D476C5B0083A4DE /* SwiftWeibo */,
				920B982A1D476C5A0083A4DE /* Products */,
			);
			sourceTree = "<group>";
		};
		920B982A1D476C5A0083A4DE /* Products */ = {
			isa = PBXGroup;
			children = (
				920B98291D476C5A0083A4DE /* SwiftWeibo.app */,
			);
			name = Products;
			sourceTree = "<group>";
		};
		920B982B1D476C5B0083A4DE /* SwiftWeibo */ = {
			isa = PBXGroup;
			children = (
				920B982C1D476C5B0083A4DE /* AppDelegate.swift */,
				920B982E1D476C5B0083A4DE /* ViewController.swift */,
				924953271D48893C00C8F3B5 /* XCPerson.swift */,
				924953251D48620B00C8F3B5 /* XCLabel.swift */,
				920B98301D476C5B0083A4DE /* Main.storyboard */,
				920B98331D476C5B0083A4DE /* Assets.xcassets */,
				920B98351D476C5B0083A4DE /* LaunchScreen.storyboard */,
				920B98381D476C5B0083A4DE /* Info.plist */,
			);
			path = SwiftWeibo;
			sourceTree = "<group>";
		};
/* End PBXGroup section */

/* Begin PBXNativeTarget section */
		920B98281D476C5A0083A4DE /* SwiftWeibo */ = {
			isa = PBXNativeTarget;
			buildConfigurationList = 920B983B1D476C5B0083A4DE /* Build configuration list for PBXNativeTarget "SwiftWeibo" */;
			buildPhases = (
				920B98251D476C5A0083A4DE /* Sources */,
				920B98261D476C5A0083A4DE /* Frameworks */,
				920B98271D476C5A0083A4DE /* Resources */,
			);
			buildRules = (
			);
			dependencies = (
			);
			name = SwiftWeibo;
			productName = SwiftWeibo;
			productReference = 920B98291D476C5A0083A4DE /* SwiftWeibo.app */;
			productType = "com.apple.product-type.application";
		};
/* End PBXNativeTarget section */

/* Begin PBXProject section */
		920B98211D476C5A0083A4DE /* Project object */ = {
			isa = PBXProject;
			attributes = {
				CLASSPREFIX = XC;
				LastSwiftUpdateCheck = 0800;
				LastUpgradeCheck = 0800;
				ORGANIZATIONNAME = tm;
				TargetAttributes = {
					920B98281D476C5A0083A4DE = {
						CreatedOnToolsVersion = 8.0;
						DevelopmentTeam = 898WYQ9K4N;
						DevelopmentTeamName = "xiaochen yang (Personal Team)";
						ProvisioningStyle = Automatic;
					};
				};
			};
			buildConfigurationList = 920B98241D476C5A0083A4DE /* Build configuration list for PBXProject "SwiftWeibo" */;
			compatibilityVersion = "Xcode 3.2";
			developmentRegion = English;
			hasScannedForEncodings = 0;
			knownRegions = (
				en,
				Base,
			);
			mainGroup = 920B98201D476C5A0083A4DE;
			productRefGroup = 920B982A1D476C5A0083A4DE /* Products */;
			projectDirPath = "";
			projectRoot = "";
			targets = (
				920B98281D476C5A0083A4DE /* SwiftWeibo */,
			);
		};
/* End PBXProject section */

/* Begin PBXResourcesBuildPhase section */
		920B98271D476C5A0083A4DE /* Resources */ = {
			isa = PBXResourcesBuildPhase;
			buildActionMask = 2147483647;
			files = (
				920B98371D476C5B0083A4DE /* LaunchScreen.storyboard in Resources */,
				920B98341D476C5B0083A4DE /* Assets.xcassets in Resources */,
				920B98321D476C5B0083A4DE /* Main.storyboard in Resources */,
			);
			runOnlyForDeploymentPostprocessing = 0;
		};
/* End PBXResourcesBuildPhase section */

/* Begin PBXSourcesBuildPhase section */
		920B98251D476C5A0083A4DE /* Sources */ = {
			isa = PBXSourcesBuildPhase;
			buildActionMask = 2147483647;
			files = (
				920B982F1D476C5B0083A4DE /* ViewController.swift in Sources */,
				924953261D48620B00C8F3B5 /* XCLabel.swift in Sources */,
				920B982D1D476C5B0083A4DE /* AppDelegate.swift in Sources */,
				924953281D48893C00C8F3B5 /* XCPerson.swift in Sources */,
			);
			runOnlyForDeploymentPostprocessing = 0;
		};
/* End PBXSourcesBuildPhase section */

/* Begin PBXVariantGroup section */
		920B98301D476C5B0083A4DE /* Main.storyboard */ = {
			isa = PBXVariantGroup;
			children = (
				920B98311D476C5B0083A4DE /* Base */,
			);
			name = Main.storyboard;
			sourceTree = "<group>";
		};
		920B98351D476C5B0083A4DE /* LaunchScreen.storyboard */ = {
			isa = PBXVariantGroup;
			children = (
				920B98361D476C5B0083A4DE /* Base */,
			);
			name = LaunchScreen.storyboard;
			sourceTree = "<group>";
		};
/* End PBXVariantGroup section */

/* Begin XCBuildConfiguration section */
		920B98391D476C5B0083A4DE /* Debug */ = {
			isa = XCBuildConfiguration;
			buildSettings = {
				ALWAYS_SEARCH_USER_PATHS = NO;
				CLANG_ANALYZER_NONNULL = YES;
				CLANG_CXX_LANGUAGE_STANDARD = "gnu++0x";
				CLANG_CXX_LIBRARY = "libc++";
				CLANG_ENABLE_MODULES = YES;
				CLANG_ENABLE_OBJC_ARC = YES;
				CLANG_WARN_BOOL_CONVERSION = YES;
				CLANG_WARN_CONSTANT_CONVERSION = YES;
				CLANG_WARN_DIRECT_OBJC_ISA_USAGE = YES_ERROR;
				CLANG_WARN_DOCUMENTATION_COMMENTS = YES;
				CLANG_WARN_EMPTY_BODY = YES;
				CLANG_WARN_ENUM_CONVERSION = YES;
				CLANG_WARN_INT_CONVERSION = YES;
				CLANG_WARN_OBJC_ROOT_CLASS = YES_ERROR;
				CLANG_WARN_UNREACHABLE_CODE = YES;
				CLANG_WARN__DUPLICATE_METHOD_MATCH = YES;
				"CODE_SIGN_IDENTITY[sdk=iphoneos*]" = "iPhone Developer";
				COPY_PHASE_STRIP = NO;
				DEBUG_INFORMATION_FORMAT = dwarf;
				ENABLE_STRICT_OBJC_MSGSEND = YES;
				ENABLE_TESTABILITY = YES;
				GCC_C_LANGUAGE_STANDARD = gnu99;
				GCC_DYNAMIC_NO_PIC = NO;
				GCC_NO_COMMON_BLOCKS = YES;
				GCC_OPTIMIZATION_LEVEL = 0;
				GCC_PREPROCESSOR_DEFINITIONS = (
					"DEBUG=1",
					"$(inherited)",
				);
				GCC_WARN_64_TO_32_BIT_CONVERSION = YES;
				GCC_WARN_ABOUT_RETURN_TYPE = YES_ERROR;
				GCC_WARN_UNDECLARED_SELECTOR = YES;
				GCC_WARN_UNINITIALIZED_AUTOS = YES_AGGRESSIVE;
				GCC_WARN_UNUSED_FUNCTION = YES;
				GCC_WARN_UNUSED_VARIABLE = YES;
				IPHONEOS_DEPLOYMENT_TARGET = 10.0;
				MTL_ENABLE_DEBUG_INFO = YES;
				ONLY_ACTIVE_ARCH = YES;
				SDKROOT = iphoneos;
				SWIFT_ACTIVE_COMPILATION_CONDITIONS = DEBUG;
				SWIFT_OPTIMIZATION_LEVEL = "-Onone";
			};
			name = Debug;
		};
		920B983A1D476C5B0083A4DE /* Release */ = {
			isa = XCBuildConfiguration;
			buildSettings = {
				ALWAYS_SEARCH_USER_PATHS = NO;
				CLANG_ANALYZER_NONNULL = YES;
				CLANG_CXX_LANGUAGE_STANDARD = "gnu++0x";
				CLANG_CXX_LIBRARY = "libc++";
				CLANG_ENABLE_MODULES = YES;
				CLANG_ENABLE_OBJC_ARC = YES;
				CLANG_WARN_BOOL_CONVERSION = YES;
				CLANG_WARN_CONSTANT_CONVERSION = YES;
				CLANG_WARN_DIRECT_OBJC_ISA_USAGE = YES_ERROR;
				CLANG_WARN_DOCUMENTATION_COMMENTS = YES;
				CLANG_WARN_EMPTY_BODY = YES;
				CLANG_WARN_ENUM_CONVERSION = YES;
				CLANG_WARN_INT_CONVERSION = YES;
				CLANG_WARN_OBJC_ROOT_CLASS = YES_ERROR;
				CLANG_WARN_UNREACHABLE_CODE = YES;
				CLANG_WARN__DUPLICATE_METHOD_MATCH = YES;
				"CODE_SIGN_IDENTITY[sdk=iphoneos*]" = "iPhone Developer";
				COPY_PHASE_STRIP = NO;
				DEBUG_INFORMATION_FORMAT = "dwarf-with-dsym";
				ENABLE_NS_ASSERTIONS = NO;
				ENABLE_STRICT_OBJC_MSGSEND = YES;
				GCC_C_LANGUAGE_STANDARD = gnu99;
				GCC_NO_COMMON_BLOCKS = YES;
				GCC_WARN_64_TO_32_BIT_CONVERSION = YES;
				GCC_WARN_ABOUT_RETURN_TYPE = YES_ERROR;
				GCC_WARN_UNDECLARED_SELECTOR = YES;
				GCC_WARN_UNINITIALIZED_AUTOS = YES_AGGRESSIVE;
				GCC_WARN_UNUSED_FUNCTION = YES;
				GCC_WARN_UNUSED_VARIABLE = YES;
				IPHONEOS_DEPLOYMENT_TARGET = 10.0;
				MTL_ENABLE_DEBUG_INFO = NO;
				SDKROOT = iphoneos;
				SWIFT_OPTIMIZATION_LEVEL = "-Owholemodule";
				VALIDATE_PRODUCT = YES;
			};
			name = Release;
		};
		920B983C1D476C5B0083A4DE /* Debug */ = {
			isa = XCBuildConfiguration;
			buildSettings = {
				ASSETCATALOG_COMPILER_APPICON_NAME = AppIcon;
				INFOPLIST_FILE = SwiftWeibo/Info.plist;
				LD_RUNPATH_SEARCH_PATHS = "$(inherited) @executable_path/Frameworks";
				PRODUCT_BUNDLE_IDENTIFIER = com.touchmedia.SwiftWeibo;
				PRODUCT_NAME = "$(TARGET_NAME)";
				SWIFT_VERSION = 3.0;
			};
			name = Debug;
		};
		920B983D1D476C5B0083A4DE /* Release */ = {
			isa = XCBuildConfiguration;
			buildSettings = {
				ASSETCATALOG_COMPILER_APPICON_NAME = AppIcon;
				INFOPLIST_FILE = SwiftWeibo/Info.plist;
				LD_RUNPATH_SEARCH_PATHS = "$(inherited) @executable_path/Frameworks";
				PRODUCT_BUNDLE_IDENTIFIER = com.touchmedia.SwiftWeibo;
				PRODUCT_NAME = "$(TARGET_NAME)";
				SWIFT_VERSION = 3.0;
			};
			name = Release;
		};
/* End XCBuildConfiguration section */

/* Begin XCConfigurationList section */
		920B98241D476C5A0083A4DE /* Build configuration list for PBXProject "SwiftWeibo" */ = {
			isa = XCConfigurationList;
			buildConfigurations = (
				920B98391D476C5B0083A4DE /* Debug */,
				920B983A1D476C5B0083A4DE /* Release */,
			);
			defaultConfigurationIsVisible = 0;
			defaultConfigurationName = Release;
		};
		920B983B1D476C5B0083A4DE /* Build configuration list for PBXNativeTarget "SwiftWeibo" */ = {
			isa = XCConfigurationList;
			buildConfigurations = (
				920B983C1D476C5B0083A4DE /* Debug */,
				920B983D1D476C5B0083A4DE /* Release */,
			);
			defaultConfigurationIsVisible = 0;
			defaultConfigurationName = Release;
		};
/* End XCConfigurationList section */
	};
	rootObject = 920B98211D476C5A0083A4DE /* Project object */;
}
